
Microsoft Visual Studio Solution File, Format Version 12.00
# Visual Studio Version 17
VisualStudioVersion = 17.2.32630.192
MinimumVisualStudioVersion = 10.0.40219.1
Project("{9A19103F-16F7-4668-BE54-9A1E7A4F7556}") = "R5T.S0089", "R5T.S0089\R5T.S0089.csproj", "{B46B66DF-C86A-469A-96B1-8BA3B423C914}"
EndProject
Project("{2150E333-8FDC-42A3-9474-1A3956D46DE8}") = "_Dependencies", "_Dependencies", "{31F9421B-3756-4145-A880-20405F1A8F88}"
EndProject
Project("{9A19103F-16F7-4668-BE54-9A1E7A4F7556}") = "R5T.F0000", "..\..\R5T.F0000\source\R5T.F0000\R5T.F0000.csproj", "{8DF3294D-0891-4AE6-AE79-C2EB03E81084}"
EndProject
Project("{9A19103F-16F7-4668-BE54-9A1E7A4F7556}") = "R5T.F0002", "..\..\R5T.F0002\source\R5T.F0002\R5T.F0002.csproj", "{D66D24D4-2B60-4A26-9E3F-3F4DC0D0462E}"
EndProject
Project("{9A19103F-16F7-4668-BE54-9A1E7A4F7556}") = "R5T.F0120", "..\..\R5T.F0120\source\R5T.F0120\R5T.F0120.csproj", "{E91C48E2-E27C-4C71-8FC0-94B0556FB682}"
EndProject
Project("{9A19103F-16F7-4668-BE54-9A1E7A4F7556}") = "R5T.F0124", "..\..\R5T.F0124\source\R5T.F0124\R5T.F0124.csproj", "{D36EF4FC-0C61-4E09-BF70-9C8BD8ED3E37}"
EndProject
Project("{9A19103F-16F7-4668-BE54-9A1E7A4F7556}") = "R5T.L0030.T000", "..\..\R5T.L0030\source\R5T.L0030.T000\R5T.L0030.T000.csproj", "{D716E66D-75AE-4AE0-B990-ACD0978A8FE6}"
EndProject
Project("{9A19103F-16F7-4668-BE54-9A1E7A4F7556}") = "R5T.L0030", "..\..\R5T.L0030\source\R5T.L0030\R5T.L0030.csproj", "{99071678-5D5B-4EDB-A742-D6FA06407475}"
EndProject
Project("{9A19103F-16F7-4668-BE54-9A1E7A4F7556}") = "R5T.L0034", "..\..\R5T.L0034\source\R5T.L0034\R5T.L0034.csproj", "{DE3A9F7C-B662-457F-8196-4828D823A51C}"
EndProject
Project("{9A19103F-16F7-4668-BE54-9A1E7A4F7556}") = "R5T.NG0022", "..\..\R5T.NG0022\source\R5T.NG0022\R5T.NG0022.csproj", "{9AED287C-82D1-4643-93F4-149483A04994}"
EndProject
Project("{9A19103F-16F7-4668-BE54-9A1E7A4F7556}") = "R5T.T0131", "..\..\R5T.T0131\source\R5T.T0131\R5T.T0131.csproj", "{A9163221-6AC9-43DE-9DEA-922F56145615}"
EndProject
Project("{9A19103F-16F7-4668-BE54-9A1E7A4F7556}") = "R5T.T0132", "..\..\R5T.T0132\source\R5T.T0132\R5T.T0132.csproj", "{3F0ABC99-57DE-476A-B273-7824CD77F7FE}"
EndProject
Project("{9A19103F-16F7-4668-BE54-9A1E7A4F7556}") = "R5T.T0142", "..\..\R5T.T0142\source\R5T.T0142\R5T.T0142.csproj", "{98850445-49DF-4AA6-BD7F-296F57CD6A5B}"
EndProject
Project("{9A19103F-16F7-4668-BE54-9A1E7A4F7556}") = "R5T.T0143", "..\..\R5T.T0143\source\R5T.T0143\R5T.T0143.csproj", "{5251FA15-776E-4E38-9181-FBB5933BDDC6}"
EndProject
Project("{9A19103F-16F7-4668-BE54-9A1E7A4F7556}") = "R5T.T0156", "..\..\R5T.T0156\source\R5T.T0156\R5T.T0156.csproj", "{BE416E58-5E3A-41CD-8FD7-138059E0EDBB}"
EndProject
Project("{9A19103F-16F7-4668-BE54-9A1E7A4F7556}") = "R5T.T0174", "..\..\R5T.T0174\source\R5T.T0174\R5T.T0174.csproj", "{430FA413-190F-4821-8B70-34587C362C2A}"
EndProject
Project("{9A19103F-16F7-4668-BE54-9A1E7A4F7556}") = "R5T.T0176", "..\..\R5T.T0176\source\R5T.T0176\R5T.T0176.csproj", "{80622669-6408-4B0A-B3BE-E23AE3D5025E}"
EndProject
Project("{9A19103F-16F7-4668-BE54-9A1E7A4F7556}") = "R5T.T0177", "..\..\R5T.T0177\source\R5T.T0177\R5T.T0177.csproj", "{DCB7FB16-4B6E-46EB-941E-14C5549C2659}"
EndProject
Project("{9A19103F-16F7-4668-BE54-9A1E7A4F7556}") = "R5T.T0178", "..\..\R5T.T0178\source\R5T.T0178\R5T.T0178.csproj", "{84DC71E6-E7EB-4890-A020-1E31939E4B30}"
EndProject
Project("{9A19103F-16F7-4668-BE54-9A1E7A4F7556}") = "R5T.T0179", "..\..\R5T.T0179\source\R5T.T0179\R5T.T0179.csproj", "{6639AA36-65AA-44C4-9E4D-22FD407D0D66}"
EndProject
Project("{9A19103F-16F7-4668-BE54-9A1E7A4F7556}") = "R5T.T0180", "..\..\R5T.T0180\source\R5T.T0180\R5T.T0180.csproj", "{526E371B-137D-406A-8798-E7B22B21CDA7}"
EndProject
Project("{9A19103F-16F7-4668-BE54-9A1E7A4F7556}") = "R5T.T0181", "..\..\R5T.T0181\source\R5T.T0181\R5T.T0181.csproj", "{623FEDCE-4118-49B9-9A27-8E1A0210A148}"
EndProject
Project("{9A19103F-16F7-4668-BE54-9A1E7A4F7556}") = "R5T.T0185", "..\..\R5T.T0185\source\R5T.T0185\R5T.T0185.csproj", "{05709B9C-80A6-454B-ACB1-3B6DC0E0BF0C}"
EndProject
Project("{9A19103F-16F7-4668-BE54-9A1E7A4F7556}") = "R5T.T0199", "..\..\R5T.T0199\source\R5T.T0199\R5T.T0199.csproj", "{A6FD8B68-6023-4D77-A45C-21FE2501DD98}"
EndProject
Project("{9A19103F-16F7-4668-BE54-9A1E7A4F7556}") = "R5T.T0203", "..\..\R5T.T0203\source\R5T.T0203\R5T.T0203.csproj", "{67368F3F-C5C6-462D-A180-F6B5759E7282}"
EndProject
Project("{9A19103F-16F7-4668-BE54-9A1E7A4F7556}") = "R5T.T0220", "..\..\R5T.T0220\source\R5T.T0220\R5T.T0220.csproj", "{DDFEF0DB-A673-423D-A0C8-C822697B3A95}"
EndProject
Project("{9A19103F-16F7-4668-BE54-9A1E7A4F7556}") = "R5T.T0221", "..\..\R5T.T0221\source\R5T.T0221\R5T.T0221.csproj", "{FC5673AB-0A4C-430D-83C4-2EF81A4AD934}"
EndProject
Project("{9A19103F-16F7-4668-BE54-9A1E7A4F7556}") = "R5T.Y0000", "..\..\R5T.Y0000\source\R5T.Y0000\R5T.Y0000.csproj", "{161B4E14-37E6-41C3-B956-841EC6E5AEFD}"
EndProject
Project("{9A19103F-16F7-4668-BE54-9A1E7A4F7556}") = "R5T.Z0000", "..\..\R5T.Z0000\source\R5T.Z0000\R5T.Z0000.csproj", "{9F04DA29-369F-4988-B661-FC7C4EC49E35}"
EndProject
Project("{9A19103F-16F7-4668-BE54-9A1E7A4F7556}") = "R5T.T0141", "..\..\R5T.T0141\source\R5T.T0141\R5T.T0141.csproj", "{E45632CB-DAD1-4A7E-AF01-9C2E4DBFFB98}"
EndProject
Project("{9A19103F-16F7-4668-BE54-9A1E7A4F7556}") = "R5T.Z0015", "..\..\R5T.Z0015\source\R5T.Z0015\R5T.Z0015.csproj", "{37C2B56F-6AB1-4889-A2B6-AF6E7033B4E5}"
EndProject
Project("{9A19103F-16F7-4668-BE54-9A1E7A4F7556}") = "R5T.F0033", "..\..\R5T.F0033\source\R5T.F0033\R5T.F0033.csproj", "{211D180B-78C2-4F9B-B7B0-E001698713AB}"
EndProject
Global
	GlobalSection(NestedProjects) = preSolution
		{8DF3294D-0891-4AE6-AE79-C2EB03E81084} = {31F9421B-3756-4145-A880-20405F1A8F88}
		{D66D24D4-2B60-4A26-9E3F-3F4DC0D0462E} = {31F9421B-3756-4145-A880-20405F1A8F88}
		{E91C48E2-E27C-4C71-8FC0-94B0556FB682} = {31F9421B-3756-4145-A880-20405F1A8F88}
		{D36EF4FC-0C61-4E09-BF70-9C8BD8ED3E37} = {31F9421B-3756-4145-A880-20405F1A8F88}
		{D716E66D-75AE-4AE0-B990-ACD0978A8FE6} = {31F9421B-3756-4145-A880-20405F1A8F88}
		{99071678-5D5B-4EDB-A742-D6FA06407475} = {31F9421B-3756-4145-A880-20405F1A8F88}
		{DE3A9F7C-B662-457F-8196-4828D823A51C} = {31F9421B-3756-4145-A880-20405F1A8F88}
		{9AED287C-82D1-4643-93F4-149483A04994} = {31F9421B-3756-4145-A880-20405F1A8F88}
		{A9163221-6AC9-43DE-9DEA-922F56145615} = {31F9421B-3756-4145-A880-20405F1A8F88}
		{3F0ABC99-57DE-476A-B273-7824CD77F7FE} = {31F9421B-3756-4145-A880-20405F1A8F88}
		{98850445-49DF-4AA6-BD7F-296F57CD6A5B} = {31F9421B-3756-4145-A880-20405F1A8F88}
		{5251FA15-776E-4E38-9181-FBB5933BDDC6} = {31F9421B-3756-4145-A880-20405F1A8F88}
		{BE416E58-5E3A-41CD-8FD7-138059E0EDBB} = {31F9421B-3756-4145-A880-20405F1A8F88}
		{430FA413-190F-4821-8B70-34587C362C2A} = {31F9421B-3756-4145-A880-20405F1A8F88}
		{80622669-6408-4B0A-B3BE-E23AE3D5025E} = {31F9421B-3756-4145-A880-20405F1A8F88}
		{DCB7FB16-4B6E-46EB-941E-14C5549C2659} = {31F9421B-3756-4145-A880-20405F1A8F88}
		{84DC71E6-E7EB-4890-A020-1E31939E4B30} = {31F9421B-3756-4145-A880-20405F1A8F88}
		{6639AA36-65AA-44C4-9E4D-22FD407D0D66} = {31F9421B-3756-4145-A880-20405F1A8F88}
		{526E371B-137D-406A-8798-E7B22B21CDA7} = {31F9421B-3756-4145-A880-20405F1A8F88}
		{623FEDCE-4118-49B9-9A27-8E1A0210A148} = {31F9421B-3756-4145-A880-20405F1A8F88}
		{05709B9C-80A6-454B-ACB1-3B6DC0E0BF0C} = {31F9421B-3756-4145-A880-20405F1A8F88}
		{A6FD8B68-6023-4D77-A45C-21FE2501DD98} = {31F9421B-3756-4145-A880-20405F1A8F88}
		{67368F3F-C5C6-462D-A180-F6B5759E7282} = {31F9421B-3756-4145-A880-20405F1A8F88}
		{DDFEF0DB-A673-423D-A0C8-C822697B3A95} = {31F9421B-3756-4145-A880-20405F1A8F88}
		{FC5673AB-0A4C-430D-83C4-2EF81A4AD934} = {31F9421B-3756-4145-A880-20405F1A8F88}
		{161B4E14-37E6-41C3-B956-841EC6E5AEFD} = {31F9421B-3756-4145-A880-20405F1A8F88}
		{9F04DA29-369F-4988-B661-FC7C4EC49E35} = {31F9421B-3756-4145-A880-20405F1A8F88}
		{E45632CB-DAD1-4A7E-AF01-9C2E4DBFFB98} = {31F9421B-3756-4145-A880-20405F1A8F88}
		{37C2B56F-6AB1-4889-A2B6-AF6E7033B4E5} = {31F9421B-3756-4145-A880-20405F1A8F88}
		{211D180B-78C2-4F9B-B7B0-E001698713AB} = {31F9421B-3756-4145-A880-20405F1A8F88}
	EndGlobalSection
	GlobalSection(SolutionConfigurationPlatforms) = preSolution
		Debug|Any CPU = Debug|Any CPU
		Release|Any CPU = Release|Any CPU
	EndGlobalSection
	GlobalSection(ProjectConfigurationPlatforms) = postSolution
		{B46B66DF-C86A-469A-96B1-8BA3B423C914}.Debug|Any CPU.ActiveCfg = Debug|Any CPU
		{B46B66DF-C86A-469A-96B1-8BA3B423C914}.Debug|Any CPU.Build.0 = Debug|Any CPU
		{B46B66DF-C86A-469A-96B1-8BA3B423C914}.Release|Any CPU.ActiveCfg = Release|Any CPU
		{B46B66DF-C86A-469A-96B1-8BA3B423C914}.Release|Any CPU.Build.0 = Release|Any CPU
		{8DF3294D-0891-4AE6-AE79-C2EB03E81084}.Debug|Any CPU.ActiveCfg = Debug|Any CPU
		{8DF3294D-0891-4AE6-AE79-C2EB03E81084}.Debug|Any CPU.Build.0 = Debug|Any CPU
		{8DF3294D-0891-4AE6-AE79-C2EB03E81084}.Release|Any CPU.ActiveCfg = Release|Any CPU
		{8DF3294D-0891-4AE6-AE79-C2EB03E81084}.Release|Any CPU.Build.0 = Release|Any CPU
		{D66D24D4-2B60-4A26-9E3F-3F4DC0D0462E}.Debug|Any CPU.ActiveCfg = Debug|Any CPU
		{D66D24D4-2B60-4A26-9E3F-3F4DC0D0462E}.Debug|Any CPU.Build.0 = Debug|Any CPU
		{D66D24D4-2B60-4A26-9E3F-3F4DC0D0462E}.Release|Any CPU.ActiveCfg = Release|Any CPU
		{D66D24D4-2B60-4A26-9E3F-3F4DC0D0462E}.Release|Any CPU.Build.0 = Release|Any CPU
		{E91C48E2-E27C-4C71-8FC0-94B0556FB682}.Debug|Any CPU.ActiveCfg = Debug|Any CPU
		{E91C48E2-E27C-4C71-8FC0-94B0556FB682}.Debug|Any CPU.Build.0 = Debug|Any CPU
		{E91C48E2-E27C-4C71-8FC0-94B0556FB682}.Release|Any CPU.ActiveCfg = Release|Any CPU
		{E91C48E2-E27C-4C71-8FC0-94B0556FB682}.Release|Any CPU.Build.0 = Release|Any CPU
		{D36EF4FC-0C61-4E09-BF70-9C8BD8ED3E37}.Debug|Any CPU.ActiveCfg = Debug|Any CPU
		{D36EF4FC-0C61-4E09-BF70-9C8BD8ED3E37}.Debug|Any CPU.Build.0 = Debug|Any CPU
		{D36EF4FC-0C61-4E09-BF70-9C8BD8ED3E37}.Release|Any CPU.ActiveCfg = Release|Any CPU
		{D36EF4FC-0C61-4E09-BF70-9C8BD8ED3E37}.Release|Any CPU.Build.0 = Release|Any CPU
		{D716E66D-75AE-4AE0-B990-ACD0978A8FE6}.Debug|Any CPU.ActiveCfg = Debug|Any CPU
		{D716E66D-75AE-4AE0-B990-ACD0978A8FE6}.Debug|Any CPU.Build.0 = Debug|Any CPU
		{D716E66D-75AE-4AE0-B990-ACD0978A8FE6}.Release|Any CPU.ActiveCfg = Release|Any CPU
		{D716E66D-75AE-4AE0-B990-ACD0978A8FE6}.Release|Any CPU.Build.0 = Release|Any CPU
		{99071678-5D5B-4EDB-A742-D6FA06407475}.Debug|Any CPU.ActiveCfg = Debug|Any CPU
		{99071678-5D5B-4EDB-A742-D6FA06407475}.Debug|Any CPU.Build.0 = Debug|Any CPU
		{99071678-5D5B-4EDB-A742-D6FA06407475}.Release|Any CPU.ActiveCfg = Release|Any CPU
		{99071678-5D5B-4EDB-A742-D6FA06407475}.Release|Any CPU.Build.0 = Release|Any CPU
		{DE3A9F7C-B662-457F-8196-4828D823A51C}.Debug|Any CPU.ActiveCfg = Debug|Any CPU
		{DE3A9F7C-B662-457F-8196-4828D823A51C}.Debug|Any CPU.Build.0 = Debug|Any CPU
		{DE3A9F7C-B662-457F-8196-4828D823A51C}.Release|Any CPU.ActiveCfg = Release|Any CPU
		{DE3A9F7C-B662-457F-8196-4828D823A51C}.Release|Any CPU.Build.0 = Release|Any CPU
		{9AED287C-82D1-4643-93F4-149483A04994}.Debug|Any CPU.ActiveCfg = Debug|Any CPU
		{9AED287C-82D1-4643-93F4-149483A04994}.Debug|Any CPU.Build.0 = Debug|Any CPU
		{9AED287C-82D1-4643-93F4-149483A04994}.Release|Any CPU.ActiveCfg = Release|Any CPU
		{9AED287C-82D1-4643-93F4-149483A04994}.Release|Any CPU.Build.0 = Release|Any CPU
		{A9163221-6AC9-43DE-9DEA-922F56145615}.Debug|Any CPU.ActiveCfg = Debug|Any CPU
		{A9163221-6AC9-43DE-9DEA-922F56145615}.Debug|Any CPU.Build.0 = Debug|Any CPU
		{A9163221-6AC9-43DE-9DEA-922F56145615}.Release|Any CPU.ActiveCfg = Release|Any CPU
		{A9163221-6AC9-43DE-9DEA-922F56145615}.Release|Any CPU.Build.0 = Release|Any CPU
		{3F0ABC99-57DE-476A-B273-7824CD77F7FE}.Debug|Any CPU.ActiveCfg = Debug|Any CPU
		{3F0ABC99-57DE-476A-B273-7824CD77F7FE}.Debug|Any CPU.Build.0 = Debug|Any CPU
		{3F0ABC99-57DE-476A-B273-7824CD77F7FE}.Release|Any CPU.ActiveCfg = Release|Any CPU
		{3F0ABC99-57DE-476A-B273-7824CD77F7FE}.Release|Any CPU.Build.0 = Release|Any CPU
		{98850445-49DF-4AA6-BD7F-296F57CD6A5B}.Debug|Any CPU.ActiveCfg = Debug|Any CPU
		{98850445-49DF-4AA6-BD7F-296F57CD6A5B}.Debug|Any CPU.Build.0 = Debug|Any CPU
		{98850445-49DF-4AA6-BD7F-296F57CD6A5B}.Release|Any CPU.ActiveCfg = Release|Any CPU
		{98850445-49DF-4AA6-BD7F-296F57CD6A5B}.Release|Any CPU.Build.0 = Release|Any CPU
		{5251FA15-776E-4E38-9181-FBB5933BDDC6}.Debug|Any CPU.ActiveCfg = Debug|Any CPU
		{5251FA15-776E-4E38-9181-FBB5933BDDC6}.Debug|Any CPU.Build.0 = Debug|Any CPU
		{5251FA15-776E-4E38-9181-FBB5933BDDC6}.Release|Any CPU.ActiveCfg = Release|Any CPU
		{5251FA15-776E-4E38-9181-FBB5933BDDC6}.Release|Any CPU.Build.0 = Release|Any CPU
		{BE416E58-5E3A-41CD-8FD7-138059E0EDBB}.Debug|Any CPU.ActiveCfg = Debug|Any CPU
		{BE416E58-5E3A-41CD-8FD7-138059E0EDBB}.Debug|Any CPU.Build.0 = Debug|Any CPU
		{BE416E58-5E3A-41CD-8FD7-138059E0EDBB}.Release|Any CPU.ActiveCfg = Release|Any CPU
		{BE416E58-5E3A-41CD-8FD7-138059E0EDBB}.Release|Any CPU.Build.0 = Release|Any CPU
		{430FA413-190F-4821-8B70-34587C362C2A}.Debug|Any CPU.ActiveCfg = Debug|Any CPU
		{430FA413-190F-4821-8B70-34587C362C2A}.Debug|Any CPU.Build.0 = Debug|Any CPU
		{430FA413-190F-4821-8B70-34587C362C2A}.Release|Any CPU.ActiveCfg = Release|Any CPU
		{430FA413-190F-4821-8B70-34587C362C2A}.Release|Any CPU.Build.0 = Release|Any CPU
		{80622669-6408-4B0A-B3BE-E23AE3D5025E}.Debug|Any CPU.ActiveCfg = Debug|Any CPU
		{80622669-6408-4B0A-B3BE-E23AE3D5025E}.Debug|Any CPU.Build.0 = Debug|Any CPU
		{80622669-6408-4B0A-B3BE-E23AE3D5025E}.Release|Any CPU.ActiveCfg = Release|Any CPU
		{80622669-6408-4B0A-B3BE-E23AE3D5025E}.Release|Any CPU.Build.0 = Release|Any CPU
		{DCB7FB16-4B6E-46EB-941E-14C5549C2659}.Debug|Any CPU.ActiveCfg = Debug|Any CPU
		{DCB7FB16-4B6E-46EB-941E-14C5549C2659}.Debug|Any CPU.Build.0 = Debug|Any CPU
		{DCB7FB16-4B6E-46EB-941E-14C5549C2659}.Release|Any CPU.ActiveCfg = Release|Any CPU
		{DCB7FB16-4B6E-46EB-941E-14C5549C2659}.Release|Any CPU.Build.0 = Release|Any CPU
		{84DC71E6-E7EB-4890-A020-1E31939E4B30}.Debug|Any CPU.ActiveCfg = Debug|Any CPU
		{84DC71E6-E7EB-4890-A020-1E31939E4B30}.Debug|Any CPU.Build.0 = Debug|Any CPU
		{84DC71E6-E7EB-4890-A020-1E31939E4B30}.Release|Any CPU.ActiveCfg = Release|Any CPU
		{84DC71E6-E7EB-4890-A020-1E31939E4B30}.Release|Any CPU.Build.0 = Release|Any CPU
		{6639AA36-65AA-44C4-9E4D-22FD407D0D66}.Debug|Any CPU.ActiveCfg = Debug|Any CPU
		{6639AA36-65AA-44C4-9E4D-22FD407D0D66}.Debug|Any CPU.Build.0 = Debug|Any CPU
		{6639AA36-65AA-44C4-9E4D-22FD407D0D66}.Release|Any CPU.ActiveCfg = Release|Any CPU
		{6639AA36-65AA-44C4-9E4D-22FD407D0D66}.Release|Any CPU.Build.0 = Release|Any CPU
		{526E371B-137D-406A-8798-E7B22B21CDA7}.Debug|Any CPU.ActiveCfg = Debug|Any CPU
		{526E371B-137D-406A-8798-E7B22B21CDA7}.Debug|Any CPU.Build.0 = Debug|Any CPU
		{526E371B-137D-406A-8798-E7B22B21CDA7}.Release|Any CPU.ActiveCfg = Release|Any CPU
		{526E371B-137D-406A-8798-E7B22B21CDA7}.Release|Any CPU.Build.0 = Release|Any CPU
		{623FEDCE-4118-49B9-9A27-8E1A0210A148}.Debug|Any CPU.ActiveCfg = Debug|Any CPU
		{623FEDCE-4118-49B9-9A27-8E1A0210A148}.Debug|Any CPU.Build.0 = Debug|Any CPU
		{623FEDCE-4118-49B9-9A27-8E1A0210A148}.Release|Any CPU.ActiveCfg = Release|Any CPU
		{623FEDCE-4118-49B9-9A27-8E1A0210A148}.Release|Any CPU.Build.0 = Release|Any CPU
		{05709B9C-80A6-454B-ACB1-3B6DC0E0BF0C}.Debug|Any CPU.ActiveCfg = Debug|Any CPU
		{05709B9C-80A6-454B-ACB1-3B6DC0E0BF0C}.Debug|Any CPU.Build.0 = Debug|Any CPU
		{05709B9C-80A6-454B-ACB1-3B6DC0E0BF0C}.Release|Any CPU.ActiveCfg = Release|Any CPU
		{05709B9C-80A6-454B-ACB1-3B6DC0E0BF0C}.Release|Any CPU.Build.0 = Release|Any CPU
		{A6FD8B68-6023-4D77-A45C-21FE2501DD98}.Debug|Any CPU.ActiveCfg = Debug|Any CPU
		{A6FD8B68-6023-4D77-A45C-21FE2501DD98}.Debug|Any CPU.Build.0 = Debug|Any CPU
		{A6FD8B68-6023-4D77-A45C-21FE2501DD98}.Release|Any CPU.ActiveCfg = Release|Any CPU
		{A6FD8B68-6023-4D77-A45C-21FE2501DD98}.Release|Any CPU.Build.0 = Release|Any CPU
		{67368F3F-C5C6-462D-A180-F6B5759E7282}.Debug|Any CPU.ActiveCfg = Debug|Any CPU
		{67368F3F-C5C6-462D-A180-F6B5759E7282}.Debug|Any CPU.Build.0 = Debug|Any CPU
		{67368F3F-C5C6-462D-A180-F6B5759E7282}.Release|Any CPU.ActiveCfg = Release|Any CPU
		{67368F3F-C5C6-462D-A180-F6B5759E7282}.Release|Any CPU.Build.0 = Release|Any CPU
		{DDFEF0DB-A673-423D-A0C8-C822697B3A95}.Debug|Any CPU.ActiveCfg = Debug|Any CPU
		{DDFEF0DB-A673-423D-A0C8-C822697B3A95}.Debug|Any CPU.Build.0 = Debug|Any CPU
		{DDFEF0DB-A673-423D-A0C8-C822697B3A95}.Release|Any CPU.ActiveCfg = Release|Any CPU
		{DDFEF0DB-A673-423D-A0C8-C822697B3A95}.Release|Any CPU.Build.0 = Release|Any CPU
		{FC5673AB-0A4C-430D-83C4-2EF81A4AD934}.Debug|Any CPU.ActiveCfg = Debug|Any CPU
		{FC5673AB-0A4C-430D-83C4-2EF81A4AD934}.Debug|Any CPU.Build.0 = Debug|Any CPU
		{FC5673AB-0A4C-430D-83C4-2EF81A4AD934}.Release|Any CPU.ActiveCfg = Release|Any CPU
		{FC5673AB-0A4C-430D-83C4-2EF81A4AD934}.Release|Any CPU.Build.0 = Release|Any CPU
		{161B4E14-37E6-41C3-B956-841EC6E5AEFD}.Debug|Any CPU.ActiveCfg = Debug|Any CPU
		{161B4E14-37E6-41C3-B956-841EC6E5AEFD}.Debug|Any CPU.Build.0 = Debug|Any CPU
		{161B4E14-37E6-41C3-B956-841EC6E5AEFD}.Release|Any CPU.ActiveCfg = Release|Any CPU
		{161B4E14-37E6-41C3-B956-841EC6E5AEFD}.Release|Any CPU.Build.0 = Release|Any CPU
		{9F04DA29-369F-4988-B661-FC7C4EC49E35}.Debug|Any CPU.ActiveCfg = Debug|Any CPU
		{9F04DA29-369F-4988-B661-FC7C4EC49E35}.Debug|Any CPU.Build.0 = Debug|Any CPU
		{9F04DA29-369F-4988-B661-FC7C4EC49E35}.Release|Any CPU.ActiveCfg = Release|Any CPU
		{9F04DA29-369F-4988-B661-FC7C4EC49E35}.Release|Any CPU.Build.0 = Release|Any CPU
		{E45632CB-DAD1-4A7E-AF01-9C2E4DBFFB98}.Debug|Any CPU.ActiveCfg = Debug|Any CPU
		{E45632CB-DAD1-4A7E-AF01-9C2E4DBFFB98}.Debug|Any CPU.Build.0 = Debug|Any CPU
		{E45632CB-DAD1-4A7E-AF01-9C2E4DBFFB98}.Release|Any CPU.ActiveCfg = Release|Any CPU
		{E45632CB-DAD1-4A7E-AF01-9C2E4DBFFB98}.Release|Any CPU.Build.0 = Release|Any CPU
		{37C2B56F-6AB1-4889-A2B6-AF6E7033B4E5}.Debug|Any CPU.ActiveCfg = Debug|Any CPU
		{37C2B56F-6AB1-4889-A2B6-AF6E7033B4E5}.Debug|Any CPU.Build.0 = Debug|Any CPU
		{37C2B56F-6AB1-4889-A2B6-AF6E7033B4E5}.Release|Any CPU.ActiveCfg = Release|Any CPU
		{37C2B56F-6AB1-4889-A2B6-AF6E7033B4E5}.Release|Any CPU.Build.0 = Release|Any CPU
		{211D180B-78C2-4F9B-B7B0-E001698713AB}.Debug|Any CPU.ActiveCfg = Debug|Any CPU
		{211D180B-78C2-4F9B-B7B0-E001698713AB}.Debug|Any CPU.Build.0 = Debug|Any CPU
		{211D180B-78C2-4F9B-B7B0-E001698713AB}.Release|Any CPU.ActiveCfg = Release|Any CPU
		{211D180B-78C2-4F9B-B7B0-E001698713AB}.Release|Any CPU.Build.0 = Release|Any CPU
	EndGlobalSection
	GlobalSection(SolutionProperties) = preSolution
		HideSolutionNode = FALSE
	EndGlobalSection
	GlobalSection(ExtensibilityGlobals) = postSolution
		SolutionGuid = {B8630D8B-B86E-472A-B181-DB1DE96B7477}
	EndGlobalSection
EndGlobal
