
Microsoft Visual Studio Solution File, Format Version 12.00
# Visual Studio Version 17
VisualStudioVersion = 17.2.32630.192
MinimumVisualStudioVersion = 10.0.40219.1
Project("{9A19103F-16F7-4668-BE54-9A1E7A4F7556}") = "R5T.S0089", "R5T.S0089\R5T.S0089.csproj", "{B46B66DF-C86A-469A-96B1-8BA3B423C914}"
EndProject
Global
	GlobalSection(SolutionConfigurationPlatforms) = preSolution
		Debug|Any CPU = Debug|Any CPU
		Release|Any CPU = Release|Any CPU
	EndGlobalSection
	GlobalSection(ProjectConfigurationPlatforms) = postSolution
		{B46B66DF-C86A-469A-96B1-8BA3B423C914}.Debug|Any CPU.ActiveCfg = Debug|Any CPU
		{B46B66DF-C86A-469A-96B1-8BA3B423C914}.Debug|Any CPU.Build.0 = Debug|Any CPU
		{B46B66DF-C86A-469A-96B1-8BA3B423C914}.Release|Any CPU.ActiveCfg = Release|Any CPU
		{B46B66DF-C86A-469A-96B1-8BA3B423C914}.Release|Any CPU.Build.0 = Release|Any CPU
	EndGlobalSection
	GlobalSection(SolutionProperties) = preSolution
		HideSolutionNode = FALSE
	EndGlobalSection
	GlobalSection(ExtensibilityGlobals) = postSolution
		SolutionGuid = {B8630D8B-B86E-472A-B181-DB1DE96B7477}
	EndGlobalSection
EndGlobal
