
Microsoft Visual Studio Solution File, Format Version 12.00
# Visual Studio Version 17
VisualStudioVersion = 17.2.32630.192
MinimumVisualStudioVersion = 10.0.40219.1
Project("{9A19103F-16F7-4668-BE54-9A1E7A4F7556}") = "R5T.S0089", "R5T.S0089\R5T.S0089.csproj", "{B46B66DF-C86A-469A-96B1-8BA3B423C914}"
EndProject
Project("{2150E333-8FDC-42A3-9474-1A3956D46DE8}") = "_Dependencies", "_Dependencies", "{31F9421B-3756-4145-A880-20405F1A8F88}"
EndProject
Project("{9A19103F-16F7-4668-BE54-9A1E7A4F7556}") = "R5T.F0000", "..\..\R5T.F0000\source\R5T.F0000\R5T.F0000.csproj", "{8DF3294D-0891-4AE6-AE79-C2EB03E81084}"
EndProject
Project("{9A19103F-16F7-4668-BE54-9A1E7A4F7556}") = "R5T.F0002", "..\..\R5T.F0002\source\R5T.F0002\R5T.F0002.csproj", "{D66D24D4-2B60-4A26-9E3F-3F4DC0D0462E}"
EndProject
Project("{9A19103F-16F7-4668-BE54-9A1E7A4F7556}") = "R5T.F0120", "..\..\R5T.F0120\source\R5T.F0120\R5T.F0120.csproj", "{E91C48E2-E27C-4C71-8FC0-94B0556FB682}"
EndProject
Project("{9A19103F-16F7-4668-BE54-9A1E7A4F7556}") = "R5T.F0124", "..\..\R5T.F0124\source\R5T.F0124\R5T.F0124.csproj", "{D36EF4FC-0C61-4E09-BF70-9C8BD8ED3E37}"
EndProject
Project("{9A19103F-16F7-4668-BE54-9A1E7A4F7556}") = "R5T.L0030.T000", "..\..\R5T.L0030\source\R5T.L0030.T000\R5T.L0030.T000.csproj", "{D716E66D-75AE-4AE0-B990-ACD0978A8FE6}"
EndProject
Project("{9A19103F-16F7-4668-BE54-9A1E7A4F7556}") = "R5T.L0030", "..\..\R5T.L0030\source\R5T.L0030\R5T.L0030.csproj", "{99071678-5D5B-4EDB-A742-D6FA06407475}"
EndProject
Project("{9A19103F-16F7-4668-BE54-9A1E7A4F7556}") = "R5T.L0034", "..\..\R5T.L0034\source\R5T.L0034\R5T.L0034.csproj", "{DE3A9F7C-B662-457F-8196-4828D823A51C}"
EndProject
Project("{9A19103F-16F7-4668-BE54-9A1E7A4F7556}") = "R5T.NG0022", "..\..\R5T.NG0022\source\R5T.NG0022\R5T.NG0022.csproj", "{9AED287C-82D1-4643-93F4-149483A04994}"
EndProject
Project("{9A19103F-16F7-4668-BE54-9A1E7A4F7556}") = "R5T.T0131", "..\..\R5T.T0131\source\R5T.T0131\R5T.T0131.csproj", "{A9163221-6AC9-43DE-9DEA-922F56145615}"
EndProject
Project("{9A19103F-16F7-4668-BE54-9A1E7A4F7556}") = "R5T.T0132", "..\..\R5T.T0132\source\R5T.T0132\R5T.T0132.csproj", "{3F0ABC99-57DE-476A-B273-7824CD77F7FE}"
EndProject
Project("{9A19103F-16F7-4668-BE54-9A1E7A4F7556}") = "R5T.T0142", "..\..\R5T.T0142\source\R5T.T0142\R5T.T0142.csproj", "{98850445-49DF-4AA6-BD7F-296F57CD6A5B}"
EndProject
Project("{9A19103F-16F7-4668-BE54-9A1E7A4F7556}") = "R5T.T0143", "..\..\R5T.T0143\source\R5T.T0143\R5T.T0143.csproj", "{5251FA15-776E-4E38-9181-FBB5933BDDC6}"
EndProject
Project("{9A19103F-16F7-4668-BE54-9A1E7A4F7556}") = "R5T.T0156", "..\..\R5T.T0156\source\R5T.T0156\R5T.T0156.csproj", "{BE416E58-5E3A-41CD-8FD7-138059E0EDBB}"
EndProject
Project("{9A19103F-16F7-4668-BE54-9A1E7A4F7556}") = "R5T.T0174", "..\..\R5T.T0174\source\R5T.T0174\R5T.T0174.csproj", "{430FA413-190F-4821-8B70-34587C362C2A}"
EndProject
Project("{9A19103F-16F7-4668-BE54-9A1E7A4F7556}") = "R5T.T0176", "..\..\R5T.T0176\source\R5T.T0176\R5T.T0176.csproj", "{80622669-6408-4B0A-B3BE-E23AE3D5025E}"
EndProject
Project("{9A19103F-16F7-4668-BE54-9A1E7A4F7556}") = "R5T.T0177", "..\..\R5T.T0177\source\R5T.T0177\R5T.T0177.csproj", "{DCB7FB16-4B6E-46EB-941E-14C5549C2659}"
EndProject
Project("{9A19103F-16F7-4668-BE54-9A1E7A4F7556}") = "R5T.T0178", "..\..\R5T.T0178\source\R5T.T0178\R5T.T0178.csproj", "{84DC71E6-E7EB-4890-A020-1E31939E4B30}"
EndProject
Project("{9A19103F-16F7-4668-BE54-9A1E7A4F7556}") = "R5T.T0179", "..\..\R5T.T0179\source\R5T.T0179\R5T.T0179.csproj", "{6639AA36-65AA-44C4-9E4D-22FD407D0D66}"
EndProject
Project("{9A19103F-16F7-4668-BE54-9A1E7A4F7556}") = "R5T.T0180", "..\..\R5T.T0180\source\R5T.T0180\R5T.T0180.csproj", "{526E371B-137D-406A-8798-E7B22B21CDA7}"
EndProject
Project("{9A19103F-16F7-4668-BE54-9A1E7A4F7556}") = "R5T.T0181", "..\..\R5T.T0181\source\R5T.T0181\R5T.T0181.csproj", "{623FEDCE-4118-49B9-9A27-8E1A0210A148}"
EndProject
Project("{9A19103F-16F7-4668-BE54-9A1E7A4F7556}") = "R5T.T0185", "..\..\R5T.T0185\source\R5T.T0185\R5T.T0185.csproj", "{05709B9C-80A6-454B-ACB1-3B6DC0E0BF0C}"
EndProject
Project("{9A19103F-16F7-4668-BE54-9A1E7A4F7556}") = "R5T.T0199", "..\..\R5T.T0199\source\R5T.T0199\R5T.T0199.csproj", "{A6FD8B68-6023-4D77-A45C-21FE2501DD98}"
EndProject
Project("{9A19103F-16F7-4668-BE54-9A1E7A4F7556}") = "R5T.T0203", "..\..\R5T.T0203\source\R5T.T0203\R5T.T0203.csproj", "{67368F3F-C5C6-462D-A180-F6B5759E7282}"
EndProject
Project("{9A19103F-16F7-4668-BE54-9A1E7A4F7556}") = "R5T.T0220", "..\..\R5T.T0220\source\R5T.T0220\R5T.T0220.csproj", "{DDFEF0DB-A673-423D-A0C8-C822697B3A95}"
EndProject
Project("{9A19103F-16F7-4668-BE54-9A1E7A4F7556}") = "R5T.T0221", "..\..\R5T.T0221\source\R5T.T0221\R5T.T0221.csproj", "{FC5673AB-0A4C-430D-83C4-2EF81A4AD934}"
EndProject
Project("{9A19103F-16F7-4668-BE54-9A1E7A4F7556}") = "R5T.Y0000", "..\..\R5T.Y0000\source\R5T.Y0000\R5T.Y0000.csproj", "{161B4E14-37E6-41C3-B956-841EC6E5AEFD}"
EndProject
Project("{9A19103F-16F7-4668-BE54-9A1E7A4F7556}") = "R5T.Z0000", "..\..\R5T.Z0000\source\R5T.Z0000\R5T.Z0000.csproj", "{9F04DA29-369F-4988-B661-FC7C4EC49E35}"
EndProject
Project("{9A19103F-16F7-4668-BE54-9A1E7A4F7556}") = "R5T.T0141", "..\..\R5T.T0141\source\R5T.T0141\R5T.T0141.csproj", "{E45632CB-DAD1-4A7E-AF01-9C2E4DBFFB98}"
EndProject
Project("{9A19103F-16F7-4668-BE54-9A1E7A4F7556}") = "R5T.Z0015", "..\..\R5T.Z0015\source\R5T.Z0015\R5T.Z0015.csproj", "{37C2B56F-6AB1-4889-A2B6-AF6E7033B4E5}"
EndProject
Project("{9A19103F-16F7-4668-BE54-9A1E7A4F7556}") = "R5T.F0033", "..\..\R5T.F0033\source\R5T.F0033\R5T.F0033.csproj", "{211D180B-78C2-4F9B-B7B0-E001698713AB}"
EndProject
Project("{9A19103F-16F7-4668-BE54-9A1E7A4F7556}") = "R5T.L0053", "..\..\R5T.L0053\source\R5T.L0053\R5T.L0053.csproj", "{1CF3B31A-8FFA-482B-83C8-CFF83188E2E7}"
EndProject
Project("{9A19103F-16F7-4668-BE54-9A1E7A4F7556}") = "R5T.Z0061", "..\..\R5T.Z0061\source\R5T.Z0061\R5T.Z0061.csproj", "{228643A5-9ECE-46FD-9CBD-9EEB4CE973E4}"
EndProject
Project("{9A19103F-16F7-4668-BE54-9A1E7A4F7556}") = "R5T.F0033.Platform", "..\..\R5T.F0033\source\R5T.F0033.Platform\R5T.F0033.Platform.csproj", "{0FC12FF5-38EF-4CB3-84BC-53D7FCB8179D}"
EndProject
Project("{9A19103F-16F7-4668-BE54-9A1E7A4F7556}") = "R5T.F0034", "..\..\R5T.F0034\source\R5T.F0034\R5T.F0034.csproj", "{FFAB956A-C926-42DB-A463-6DC62799436C}"
EndProject
Project("{9A19103F-16F7-4668-BE54-9A1E7A4F7556}") = "R5T.F0035.F001", "..\..\R5T.F0035\source\R5T.F0035.F001\R5T.F0035.F001.csproj", "{3CCF7EA3-88A5-4918-AC31-BB3DC3C4A393}"
EndProject
Project("{9A19103F-16F7-4668-BE54-9A1E7A4F7556}") = "R5T.F0059", "..\..\R5T.F0059\source\R5T.F0059\R5T.F0059.csproj", "{2DDB247E-D545-4245-95AA-BB57333743B9}"
EndProject
Project("{9A19103F-16F7-4668-BE54-9A1E7A4F7556}") = "R5T.L0032.T000", "..\..\R5T.L0032\source\R5T.L0032.T000\R5T.L0032.T000.csproj", "{301510A2-AAB8-48D2-AE76-1E53A862065B}"
EndProject
Project("{9A19103F-16F7-4668-BE54-9A1E7A4F7556}") = "R5T.L0055", "..\..\R5T.L0055\source\R5T.L0055\R5T.L0055.csproj", "{D78C311C-9B80-4AF4-9117-57A14B12B438}"
EndProject
Project("{9A19103F-16F7-4668-BE54-9A1E7A4F7556}") = "R5T.L0056", "..\..\R5T.L0056\source\R5T.L0056\R5T.L0056.csproj", "{B6B577CC-F41A-4CCC-BB8A-B88730847832}"
EndProject
Project("{9A19103F-16F7-4668-BE54-9A1E7A4F7556}") = "R5T.L0057", "..\..\R5T.L0057\source\R5T.L0057\R5T.L0057.csproj", "{F53EE56E-3823-41BC-B24A-3862A4126C2D}"
EndProject
Project("{9A19103F-16F7-4668-BE54-9A1E7A4F7556}") = "R5T.NG0002", "..\..\R5T.NG0002\source\R5T.NG0002\R5T.NG0002.csproj", "{C5C56258-0600-4CD0-99E7-C00CD5C68B2E}"
EndProject
Project("{9A19103F-16F7-4668-BE54-9A1E7A4F7556}") = "R5T.NG0006", "..\..\R5T.NG0006\source\R5T.NG0006\R5T.NG0006.csproj", "{5854841C-6C4A-4C3E-8B9A-C4D394028AA5}"
EndProject
Project("{9A19103F-16F7-4668-BE54-9A1E7A4F7556}") = "R5T.NG0007", "..\..\R5T.NG0007\source\R5T.NG0007\R5T.NG0007.csproj", "{99B01AD6-E6EE-49C1-80B2-2B4FE37CF4D4}"
EndProject
Project("{9A19103F-16F7-4668-BE54-9A1E7A4F7556}") = "R5T.T0148", "..\..\R5T.T0148\source\R5T.T0148\R5T.T0148.csproj", "{7D046176-4FFD-4ED1-8BA4-C354C0AD5075}"
EndProject
Project("{9A19103F-16F7-4668-BE54-9A1E7A4F7556}") = "R5T.T0150", "..\..\R5T.T0150\source\R5T.T0150\R5T.T0150.csproj", "{5652AF6B-142B-40D2-80DF-4F95EF7CB746}"
EndProject
Project("{9A19103F-16F7-4668-BE54-9A1E7A4F7556}") = "R5T.T0151", "..\..\R5T.T0151\source\R5T.T0151\R5T.T0151.csproj", "{D5E1E49E-8673-4EE4-8BF7-E534C7AB8A5B}"
EndProject
Project("{9A19103F-16F7-4668-BE54-9A1E7A4F7556}") = "R5T.T0158.F000", "..\..\R5T.T0158\source\R5T.T0158.F000\R5T.T0158.F000.csproj", "{C81CC023-9BA5-43D8-8F0D-04417ED9C27C}"
EndProject
Project("{9A19103F-16F7-4668-BE54-9A1E7A4F7556}") = "R5T.T0158.T000", "..\..\R5T.T0158\source\R5T.T0158.T000\R5T.T0158.T000.csproj", "{F84093DD-10D8-423F-8E75-0D6EBF3F2A9E}"
EndProject
Project("{9A19103F-16F7-4668-BE54-9A1E7A4F7556}") = "R5T.T0158", "..\..\R5T.T0158\source\R5T.T0158\R5T.T0158.csproj", "{E72A5D01-0B65-4A81-B9DA-E79857CFAA02}"
EndProject
Project("{9A19103F-16F7-4668-BE54-9A1E7A4F7556}") = "R5T.T0159.F000", "..\..\R5T.T0159\source\R5T.T0159.F000\R5T.T0159.F000.csproj", "{21735AED-01C6-474B-BD7E-01B9581E5F25}"
EndProject
Project("{9A19103F-16F7-4668-BE54-9A1E7A4F7556}") = "R5T.T0159", "..\..\R5T.T0159\source\R5T.T0159\R5T.T0159.csproj", "{7AB81B25-7580-4FDB-98B3-407E7A59BAFF}"
EndProject
Project("{9A19103F-16F7-4668-BE54-9A1E7A4F7556}") = "R5T.T0161", "..\..\R5T.T0161\source\R5T.T0161\R5T.T0161.csproj", "{45270E4D-0235-49DE-8492-1350C0F4CE91}"
EndProject
Project("{9A19103F-16F7-4668-BE54-9A1E7A4F7556}") = "R5T.T0172", "..\..\R5T.T0172\source\R5T.T0172\R5T.T0172.csproj", "{2F68BF87-EF5D-4338-8CE0-D3837A941715}"
EndProject
Project("{9A19103F-16F7-4668-BE54-9A1E7A4F7556}") = "R5T.T0184", "..\..\R5T.T0184\source\R5T.T0184\R5T.T0184.csproj", "{5EF4B878-2B77-437C-8D8B-F576497DBF31}"
EndProject
Project("{9A19103F-16F7-4668-BE54-9A1E7A4F7556}") = "R5T.T0186", "..\..\R5T.T0186\source\R5T.T0186\R5T.T0186.csproj", "{18E1FB77-A0B4-4108-A63A-400073626C5D}"
EndProject
Project("{9A19103F-16F7-4668-BE54-9A1E7A4F7556}") = "R5T.T0187", "..\..\R5T.T0187\source\R5T.T0187\R5T.T0187.csproj", "{7727E38D-8076-41B8-8DE1-442AD75C4329}"
EndProject
Project("{9A19103F-16F7-4668-BE54-9A1E7A4F7556}") = "R5T.T0196", "..\..\R5T.T0196\source\R5T.T0196\R5T.T0196.csproj", "{3EA1AF48-EEAD-40AC-862E-51E94535ACBD}"
EndProject
Project("{9A19103F-16F7-4668-BE54-9A1E7A4F7556}") = "R5T.T0197", "..\..\R5T.T0197\source\R5T.T0197\R5T.T0197.csproj", "{7B208F19-41B1-4BB5-9AB9-1FD34901AEC2}"
EndProject
Project("{9A19103F-16F7-4668-BE54-9A1E7A4F7556}") = "R5T.T0198", "..\..\R5T.T0198\source\R5T.T0198\R5T.T0198.csproj", "{D5A09C62-3FBE-49A6-A51D-0AF4CDC81916}"
EndProject
Project("{9A19103F-16F7-4668-BE54-9A1E7A4F7556}") = "R5T.T0200", "..\..\R5T.T0200\source\R5T.T0200\R5T.T0200.csproj", "{D5D2962A-5BB6-4AC8-BB2B-FA21BB3FEBD1}"
EndProject
Project("{9A19103F-16F7-4668-BE54-9A1E7A4F7556}") = "R5T.T0213", "..\..\R5T.T0213\source\R5T.T0213\R5T.T0213.csproj", "{B3A114B7-FB84-41FB-B6FF-EE84B4F29D4F}"
EndProject
Project("{9A19103F-16F7-4668-BE54-9A1E7A4F7556}") = "R5T.T0218", "..\..\R5T.T0218\source\R5T.T0218\R5T.T0218.csproj", "{F558AFDA-E35E-460D-9A7F-C61BD5414FAC}"
EndProject
Project("{9A19103F-16F7-4668-BE54-9A1E7A4F7556}") = "R5T.T0224", "..\..\R5T.T0224\source\R5T.T0224\R5T.T0224.csproj", "{98160FD3-37AB-42F8-BF62-12E5A4CD42A3}"
EndProject
Project("{9A19103F-16F7-4668-BE54-9A1E7A4F7556}") = "R5T.T0225.T000", "..\..\R5T.T0225\source\R5T.T0225.T000\R5T.T0225.T000.csproj", "{A5B8432A-4157-4A7C-A395-DE640E9D446E}"
EndProject
Project("{9A19103F-16F7-4668-BE54-9A1E7A4F7556}") = "R5T.T0225", "..\..\R5T.T0225\source\R5T.T0225\R5T.T0225.csproj", "{86571BA6-FC50-41E4-92AF-C65EBB1F55C7}"
EndProject
Project("{9A19103F-16F7-4668-BE54-9A1E7A4F7556}") = "R5T.Z0010.Platform", "..\..\R5T.Z0010\source\R5T.Z0010.Platform\R5T.Z0010.Platform.csproj", "{8808BFE6-348C-486D-BA30-16C23087475C}"
EndProject
Project("{9A19103F-16F7-4668-BE54-9A1E7A4F7556}") = "R5T.Z0010", "..\..\R5T.Z0010\source\R5T.Z0010\R5T.Z0010.csproj", "{8D5D555D-7109-4468-88E7-B61ABD431286}"
EndProject
Project("{9A19103F-16F7-4668-BE54-9A1E7A4F7556}") = "R5T.Z0046", "..\..\R5T.Z0046\source\R5T.Z0046\R5T.Z0046.csproj", "{D767365F-1B27-4574-AD69-8D09D5700ACD}"
EndProject
Project("{9A19103F-16F7-4668-BE54-9A1E7A4F7556}") = "R5T.Z0061.Platform", "..\..\R5T.Z0061\source\R5T.Z0061.Platform\R5T.Z0061.Platform.csproj", "{B0385738-0A33-4CB2-9A10-236A200A36A2}"
EndProject
Project("{9A19103F-16F7-4668-BE54-9A1E7A4F7556}") = "R5T.Z0063.Platform", "..\..\R5T.Z0063\source\R5T.Z0063.Platform\R5T.Z0063.Platform.csproj", "{7D06FC46-24DE-4D51-8D7B-2D1CA21B1A43}"
EndProject
Project("{9A19103F-16F7-4668-BE54-9A1E7A4F7556}") = "R5T.Z0063", "..\..\R5T.Z0063\source\R5T.Z0063\R5T.Z0063.csproj", "{223B1902-B5A4-4B65-945C-239A11A77044}"
EndProject
Global
	GlobalSection(NestedProjects) = preSolution
		{8DF3294D-0891-4AE6-AE79-C2EB03E81084} = {31F9421B-3756-4145-A880-20405F1A8F88}
		{D66D24D4-2B60-4A26-9E3F-3F4DC0D0462E} = {31F9421B-3756-4145-A880-20405F1A8F88}
		{E91C48E2-E27C-4C71-8FC0-94B0556FB682} = {31F9421B-3756-4145-A880-20405F1A8F88}
		{D36EF4FC-0C61-4E09-BF70-9C8BD8ED3E37} = {31F9421B-3756-4145-A880-20405F1A8F88}
		{D716E66D-75AE-4AE0-B990-ACD0978A8FE6} = {31F9421B-3756-4145-A880-20405F1A8F88}
		{99071678-5D5B-4EDB-A742-D6FA06407475} = {31F9421B-3756-4145-A880-20405F1A8F88}
		{DE3A9F7C-B662-457F-8196-4828D823A51C} = {31F9421B-3756-4145-A880-20405F1A8F88}
		{9AED287C-82D1-4643-93F4-149483A04994} = {31F9421B-3756-4145-A880-20405F1A8F88}
		{A9163221-6AC9-43DE-9DEA-922F56145615} = {31F9421B-3756-4145-A880-20405F1A8F88}
		{3F0ABC99-57DE-476A-B273-7824CD77F7FE} = {31F9421B-3756-4145-A880-20405F1A8F88}
		{98850445-49DF-4AA6-BD7F-296F57CD6A5B} = {31F9421B-3756-4145-A880-20405F1A8F88}
		{5251FA15-776E-4E38-9181-FBB5933BDDC6} = {31F9421B-3756-4145-A880-20405F1A8F88}
		{BE416E58-5E3A-41CD-8FD7-138059E0EDBB} = {31F9421B-3756-4145-A880-20405F1A8F88}
		{430FA413-190F-4821-8B70-34587C362C2A} = {31F9421B-3756-4145-A880-20405F1A8F88}
		{80622669-6408-4B0A-B3BE-E23AE3D5025E} = {31F9421B-3756-4145-A880-20405F1A8F88}
		{DCB7FB16-4B6E-46EB-941E-14C5549C2659} = {31F9421B-3756-4145-A880-20405F1A8F88}
		{84DC71E6-E7EB-4890-A020-1E31939E4B30} = {31F9421B-3756-4145-A880-20405F1A8F88}
		{6639AA36-65AA-44C4-9E4D-22FD407D0D66} = {31F9421B-3756-4145-A880-20405F1A8F88}
		{526E371B-137D-406A-8798-E7B22B21CDA7} = {31F9421B-3756-4145-A880-20405F1A8F88}
		{623FEDCE-4118-49B9-9A27-8E1A0210A148} = {31F9421B-3756-4145-A880-20405F1A8F88}
		{05709B9C-80A6-454B-ACB1-3B6DC0E0BF0C} = {31F9421B-3756-4145-A880-20405F1A8F88}
		{A6FD8B68-6023-4D77-A45C-21FE2501DD98} = {31F9421B-3756-4145-A880-20405F1A8F88}
		{67368F3F-C5C6-462D-A180-F6B5759E7282} = {31F9421B-3756-4145-A880-20405F1A8F88}
		{DDFEF0DB-A673-423D-A0C8-C822697B3A95} = {31F9421B-3756-4145-A880-20405F1A8F88}
		{FC5673AB-0A4C-430D-83C4-2EF81A4AD934} = {31F9421B-3756-4145-A880-20405F1A8F88}
		{161B4E14-37E6-41C3-B956-841EC6E5AEFD} = {31F9421B-3756-4145-A880-20405F1A8F88}
		{9F04DA29-369F-4988-B661-FC7C4EC49E35} = {31F9421B-3756-4145-A880-20405F1A8F88}
		{E45632CB-DAD1-4A7E-AF01-9C2E4DBFFB98} = {31F9421B-3756-4145-A880-20405F1A8F88}
		{37C2B56F-6AB1-4889-A2B6-AF6E7033B4E5} = {31F9421B-3756-4145-A880-20405F1A8F88}
		{211D180B-78C2-4F9B-B7B0-E001698713AB} = {31F9421B-3756-4145-A880-20405F1A8F88}
		{1CF3B31A-8FFA-482B-83C8-CFF83188E2E7} = {31F9421B-3756-4145-A880-20405F1A8F88}
		{228643A5-9ECE-46FD-9CBD-9EEB4CE973E4} = {31F9421B-3756-4145-A880-20405F1A8F88}
		{0FC12FF5-38EF-4CB3-84BC-53D7FCB8179D} = {31F9421B-3756-4145-A880-20405F1A8F88}
		{FFAB956A-C926-42DB-A463-6DC62799436C} = {31F9421B-3756-4145-A880-20405F1A8F88}
		{3CCF7EA3-88A5-4918-AC31-BB3DC3C4A393} = {31F9421B-3756-4145-A880-20405F1A8F88}
		{2DDB247E-D545-4245-95AA-BB57333743B9} = {31F9421B-3756-4145-A880-20405F1A8F88}
		{301510A2-AAB8-48D2-AE76-1E53A862065B} = {31F9421B-3756-4145-A880-20405F1A8F88}
		{D78C311C-9B80-4AF4-9117-57A14B12B438} = {31F9421B-3756-4145-A880-20405F1A8F88}
		{B6B577CC-F41A-4CCC-BB8A-B88730847832} = {31F9421B-3756-4145-A880-20405F1A8F88}
		{F53EE56E-3823-41BC-B24A-3862A4126C2D} = {31F9421B-3756-4145-A880-20405F1A8F88}
		{C5C56258-0600-4CD0-99E7-C00CD5C68B2E} = {31F9421B-3756-4145-A880-20405F1A8F88}
		{5854841C-6C4A-4C3E-8B9A-C4D394028AA5} = {31F9421B-3756-4145-A880-20405F1A8F88}
		{99B01AD6-E6EE-49C1-80B2-2B4FE37CF4D4} = {31F9421B-3756-4145-A880-20405F1A8F88}
		{7D046176-4FFD-4ED1-8BA4-C354C0AD5075} = {31F9421B-3756-4145-A880-20405F1A8F88}
		{5652AF6B-142B-40D2-80DF-4F95EF7CB746} = {31F9421B-3756-4145-A880-20405F1A8F88}
		{D5E1E49E-8673-4EE4-8BF7-E534C7AB8A5B} = {31F9421B-3756-4145-A880-20405F1A8F88}
		{C81CC023-9BA5-43D8-8F0D-04417ED9C27C} = {31F9421B-3756-4145-A880-20405F1A8F88}
		{F84093DD-10D8-423F-8E75-0D6EBF3F2A9E} = {31F9421B-3756-4145-A880-20405F1A8F88}
		{E72A5D01-0B65-4A81-B9DA-E79857CFAA02} = {31F9421B-3756-4145-A880-20405F1A8F88}
		{21735AED-01C6-474B-BD7E-01B9581E5F25} = {31F9421B-3756-4145-A880-20405F1A8F88}
		{7AB81B25-7580-4FDB-98B3-407E7A59BAFF} = {31F9421B-3756-4145-A880-20405F1A8F88}
		{45270E4D-0235-49DE-8492-1350C0F4CE91} = {31F9421B-3756-4145-A880-20405F1A8F88}
		{2F68BF87-EF5D-4338-8CE0-D3837A941715} = {31F9421B-3756-4145-A880-20405F1A8F88}
		{5EF4B878-2B77-437C-8D8B-F576497DBF31} = {31F9421B-3756-4145-A880-20405F1A8F88}
		{18E1FB77-A0B4-4108-A63A-400073626C5D} = {31F9421B-3756-4145-A880-20405F1A8F88}
		{7727E38D-8076-41B8-8DE1-442AD75C4329} = {31F9421B-3756-4145-A880-20405F1A8F88}
		{3EA1AF48-EEAD-40AC-862E-51E94535ACBD} = {31F9421B-3756-4145-A880-20405F1A8F88}
		{7B208F19-41B1-4BB5-9AB9-1FD34901AEC2} = {31F9421B-3756-4145-A880-20405F1A8F88}
		{D5A09C62-3FBE-49A6-A51D-0AF4CDC81916} = {31F9421B-3756-4145-A880-20405F1A8F88}
		{D5D2962A-5BB6-4AC8-BB2B-FA21BB3FEBD1} = {31F9421B-3756-4145-A880-20405F1A8F88}
		{B3A114B7-FB84-41FB-B6FF-EE84B4F29D4F} = {31F9421B-3756-4145-A880-20405F1A8F88}
		{F558AFDA-E35E-460D-9A7F-C61BD5414FAC} = {31F9421B-3756-4145-A880-20405F1A8F88}
		{98160FD3-37AB-42F8-BF62-12E5A4CD42A3} = {31F9421B-3756-4145-A880-20405F1A8F88}
		{A5B8432A-4157-4A7C-A395-DE640E9D446E} = {31F9421B-3756-4145-A880-20405F1A8F88}
		{86571BA6-FC50-41E4-92AF-C65EBB1F55C7} = {31F9421B-3756-4145-A880-20405F1A8F88}
		{8808BFE6-348C-486D-BA30-16C23087475C} = {31F9421B-3756-4145-A880-20405F1A8F88}
		{8D5D555D-7109-4468-88E7-B61ABD431286} = {31F9421B-3756-4145-A880-20405F1A8F88}
		{D767365F-1B27-4574-AD69-8D09D5700ACD} = {31F9421B-3756-4145-A880-20405F1A8F88}
		{B0385738-0A33-4CB2-9A10-236A200A36A2} = {31F9421B-3756-4145-A880-20405F1A8F88}
		{7D06FC46-24DE-4D51-8D7B-2D1CA21B1A43} = {31F9421B-3756-4145-A880-20405F1A8F88}
		{223B1902-B5A4-4B65-945C-239A11A77044} = {31F9421B-3756-4145-A880-20405F1A8F88}
	EndGlobalSection
	GlobalSection(SolutionConfigurationPlatforms) = preSolution
		Debug|Any CPU = Debug|Any CPU
		Release|Any CPU = Release|Any CPU
	EndGlobalSection
	GlobalSection(ProjectConfigurationPlatforms) = postSolution
		{B46B66DF-C86A-469A-96B1-8BA3B423C914}.Debug|Any CPU.ActiveCfg = Debug|Any CPU
		{B46B66DF-C86A-469A-96B1-8BA3B423C914}.Debug|Any CPU.Build.0 = Debug|Any CPU
		{B46B66DF-C86A-469A-96B1-8BA3B423C914}.Release|Any CPU.ActiveCfg = Release|Any CPU
		{B46B66DF-C86A-469A-96B1-8BA3B423C914}.Release|Any CPU.Build.0 = Release|Any CPU
		{8DF3294D-0891-4AE6-AE79-C2EB03E81084}.Debug|Any CPU.ActiveCfg = Debug|Any CPU
		{8DF3294D-0891-4AE6-AE79-C2EB03E81084}.Debug|Any CPU.Build.0 = Debug|Any CPU
		{8DF3294D-0891-4AE6-AE79-C2EB03E81084}.Release|Any CPU.ActiveCfg = Release|Any CPU
		{8DF3294D-0891-4AE6-AE79-C2EB03E81084}.Release|Any CPU.Build.0 = Release|Any CPU
		{D66D24D4-2B60-4A26-9E3F-3F4DC0D0462E}.Debug|Any CPU.ActiveCfg = Debug|Any CPU
		{D66D24D4-2B60-4A26-9E3F-3F4DC0D0462E}.Debug|Any CPU.Build.0 = Debug|Any CPU
		{D66D24D4-2B60-4A26-9E3F-3F4DC0D0462E}.Release|Any CPU.ActiveCfg = Release|Any CPU
		{D66D24D4-2B60-4A26-9E3F-3F4DC0D0462E}.Release|Any CPU.Build.0 = Release|Any CPU
		{E91C48E2-E27C-4C71-8FC0-94B0556FB682}.Debug|Any CPU.ActiveCfg = Debug|Any CPU
		{E91C48E2-E27C-4C71-8FC0-94B0556FB682}.Debug|Any CPU.Build.0 = Debug|Any CPU
		{E91C48E2-E27C-4C71-8FC0-94B0556FB682}.Release|Any CPU.ActiveCfg = Release|Any CPU
		{E91C48E2-E27C-4C71-8FC0-94B0556FB682}.Release|Any CPU.Build.0 = Release|Any CPU
		{D36EF4FC-0C61-4E09-BF70-9C8BD8ED3E37}.Debug|Any CPU.ActiveCfg = Debug|Any CPU
		{D36EF4FC-0C61-4E09-BF70-9C8BD8ED3E37}.Debug|Any CPU.Build.0 = Debug|Any CPU
		{D36EF4FC-0C61-4E09-BF70-9C8BD8ED3E37}.Release|Any CPU.ActiveCfg = Release|Any CPU
		{D36EF4FC-0C61-4E09-BF70-9C8BD8ED3E37}.Release|Any CPU.Build.0 = Release|Any CPU
		{D716E66D-75AE-4AE0-B990-ACD0978A8FE6}.Debug|Any CPU.ActiveCfg = Debug|Any CPU
		{D716E66D-75AE-4AE0-B990-ACD0978A8FE6}.Debug|Any CPU.Build.0 = Debug|Any CPU
		{D716E66D-75AE-4AE0-B990-ACD0978A8FE6}.Release|Any CPU.ActiveCfg = Release|Any CPU
		{D716E66D-75AE-4AE0-B990-ACD0978A8FE6}.Release|Any CPU.Build.0 = Release|Any CPU
		{99071678-5D5B-4EDB-A742-D6FA06407475}.Debug|Any CPU.ActiveCfg = Debug|Any CPU
		{99071678-5D5B-4EDB-A742-D6FA06407475}.Debug|Any CPU.Build.0 = Debug|Any CPU
		{99071678-5D5B-4EDB-A742-D6FA06407475}.Release|Any CPU.ActiveCfg = Release|Any CPU
		{99071678-5D5B-4EDB-A742-D6FA06407475}.Release|Any CPU.Build.0 = Release|Any CPU
		{DE3A9F7C-B662-457F-8196-4828D823A51C}.Debug|Any CPU.ActiveCfg = Debug|Any CPU
		{DE3A9F7C-B662-457F-8196-4828D823A51C}.Debug|Any CPU.Build.0 = Debug|Any CPU
		{DE3A9F7C-B662-457F-8196-4828D823A51C}.Release|Any CPU.ActiveCfg = Release|Any CPU
		{DE3A9F7C-B662-457F-8196-4828D823A51C}.Release|Any CPU.Build.0 = Release|Any CPU
		{9AED287C-82D1-4643-93F4-149483A04994}.Debug|Any CPU.ActiveCfg = Debug|Any CPU
		{9AED287C-82D1-4643-93F4-149483A04994}.Debug|Any CPU.Build.0 = Debug|Any CPU
		{9AED287C-82D1-4643-93F4-149483A04994}.Release|Any CPU.ActiveCfg = Release|Any CPU
		{9AED287C-82D1-4643-93F4-149483A04994}.Release|Any CPU.Build.0 = Release|Any CPU
		{A9163221-6AC9-43DE-9DEA-922F56145615}.Debug|Any CPU.ActiveCfg = Debug|Any CPU
		{A9163221-6AC9-43DE-9DEA-922F56145615}.Debug|Any CPU.Build.0 = Debug|Any CPU
		{A9163221-6AC9-43DE-9DEA-922F56145615}.Release|Any CPU.ActiveCfg = Release|Any CPU
		{A9163221-6AC9-43DE-9DEA-922F56145615}.Release|Any CPU.Build.0 = Release|Any CPU
		{3F0ABC99-57DE-476A-B273-7824CD77F7FE}.Debug|Any CPU.ActiveCfg = Debug|Any CPU
		{3F0ABC99-57DE-476A-B273-7824CD77F7FE}.Debug|Any CPU.Build.0 = Debug|Any CPU
		{3F0ABC99-57DE-476A-B273-7824CD77F7FE}.Release|Any CPU.ActiveCfg = Release|Any CPU
		{3F0ABC99-57DE-476A-B273-7824CD77F7FE}.Release|Any CPU.Build.0 = Release|Any CPU
		{98850445-49DF-4AA6-BD7F-296F57CD6A5B}.Debug|Any CPU.ActiveCfg = Debug|Any CPU
		{98850445-49DF-4AA6-BD7F-296F57CD6A5B}.Debug|Any CPU.Build.0 = Debug|Any CPU
		{98850445-49DF-4AA6-BD7F-296F57CD6A5B}.Release|Any CPU.ActiveCfg = Release|Any CPU
		{98850445-49DF-4AA6-BD7F-296F57CD6A5B}.Release|Any CPU.Build.0 = Release|Any CPU
		{5251FA15-776E-4E38-9181-FBB5933BDDC6}.Debug|Any CPU.ActiveCfg = Debug|Any CPU
		{5251FA15-776E-4E38-9181-FBB5933BDDC6}.Debug|Any CPU.Build.0 = Debug|Any CPU
		{5251FA15-776E-4E38-9181-FBB5933BDDC6}.Release|Any CPU.ActiveCfg = Release|Any CPU
		{5251FA15-776E-4E38-9181-FBB5933BDDC6}.Release|Any CPU.Build.0 = Release|Any CPU
		{BE416E58-5E3A-41CD-8FD7-138059E0EDBB}.Debug|Any CPU.ActiveCfg = Debug|Any CPU
		{BE416E58-5E3A-41CD-8FD7-138059E0EDBB}.Debug|Any CPU.Build.0 = Debug|Any CPU
		{BE416E58-5E3A-41CD-8FD7-138059E0EDBB}.Release|Any CPU.ActiveCfg = Release|Any CPU
		{BE416E58-5E3A-41CD-8FD7-138059E0EDBB}.Release|Any CPU.Build.0 = Release|Any CPU
		{430FA413-190F-4821-8B70-34587C362C2A}.Debug|Any CPU.ActiveCfg = Debug|Any CPU
		{430FA413-190F-4821-8B70-34587C362C2A}.Debug|Any CPU.Build.0 = Debug|Any CPU
		{430FA413-190F-4821-8B70-34587C362C2A}.Release|Any CPU.ActiveCfg = Release|Any CPU
		{430FA413-190F-4821-8B70-34587C362C2A}.Release|Any CPU.Build.0 = Release|Any CPU
		{80622669-6408-4B0A-B3BE-E23AE3D5025E}.Debug|Any CPU.ActiveCfg = Debug|Any CPU
		{80622669-6408-4B0A-B3BE-E23AE3D5025E}.Debug|Any CPU.Build.0 = Debug|Any CPU
		{80622669-6408-4B0A-B3BE-E23AE3D5025E}.Release|Any CPU.ActiveCfg = Release|Any CPU
		{80622669-6408-4B0A-B3BE-E23AE3D5025E}.Release|Any CPU.Build.0 = Release|Any CPU
		{DCB7FB16-4B6E-46EB-941E-14C5549C2659}.Debug|Any CPU.ActiveCfg = Debug|Any CPU
		{DCB7FB16-4B6E-46EB-941E-14C5549C2659}.Debug|Any CPU.Build.0 = Debug|Any CPU
		{DCB7FB16-4B6E-46EB-941E-14C5549C2659}.Release|Any CPU.ActiveCfg = Release|Any CPU
		{DCB7FB16-4B6E-46EB-941E-14C5549C2659}.Release|Any CPU.Build.0 = Release|Any CPU
		{84DC71E6-E7EB-4890-A020-1E31939E4B30}.Debug|Any CPU.ActiveCfg = Debug|Any CPU
		{84DC71E6-E7EB-4890-A020-1E31939E4B30}.Debug|Any CPU.Build.0 = Debug|Any CPU
		{84DC71E6-E7EB-4890-A020-1E31939E4B30}.Release|Any CPU.ActiveCfg = Release|Any CPU
		{84DC71E6-E7EB-4890-A020-1E31939E4B30}.Release|Any CPU.Build.0 = Release|Any CPU
		{6639AA36-65AA-44C4-9E4D-22FD407D0D66}.Debug|Any CPU.ActiveCfg = Debug|Any CPU
		{6639AA36-65AA-44C4-9E4D-22FD407D0D66}.Debug|Any CPU.Build.0 = Debug|Any CPU
		{6639AA36-65AA-44C4-9E4D-22FD407D0D66}.Release|Any CPU.ActiveCfg = Release|Any CPU
		{6639AA36-65AA-44C4-9E4D-22FD407D0D66}.Release|Any CPU.Build.0 = Release|Any CPU
		{526E371B-137D-406A-8798-E7B22B21CDA7}.Debug|Any CPU.ActiveCfg = Debug|Any CPU
		{526E371B-137D-406A-8798-E7B22B21CDA7}.Debug|Any CPU.Build.0 = Debug|Any CPU
		{526E371B-137D-406A-8798-E7B22B21CDA7}.Release|Any CPU.ActiveCfg = Release|Any CPU
		{526E371B-137D-406A-8798-E7B22B21CDA7}.Release|Any CPU.Build.0 = Release|Any CPU
		{623FEDCE-4118-49B9-9A27-8E1A0210A148}.Debug|Any CPU.ActiveCfg = Debug|Any CPU
		{623FEDCE-4118-49B9-9A27-8E1A0210A148}.Debug|Any CPU.Build.0 = Debug|Any CPU
		{623FEDCE-4118-49B9-9A27-8E1A0210A148}.Release|Any CPU.ActiveCfg = Release|Any CPU
		{623FEDCE-4118-49B9-9A27-8E1A0210A148}.Release|Any CPU.Build.0 = Release|Any CPU
		{05709B9C-80A6-454B-ACB1-3B6DC0E0BF0C}.Debug|Any CPU.ActiveCfg = Debug|Any CPU
		{05709B9C-80A6-454B-ACB1-3B6DC0E0BF0C}.Debug|Any CPU.Build.0 = Debug|Any CPU
		{05709B9C-80A6-454B-ACB1-3B6DC0E0BF0C}.Release|Any CPU.ActiveCfg = Release|Any CPU
		{05709B9C-80A6-454B-ACB1-3B6DC0E0BF0C}.Release|Any CPU.Build.0 = Release|Any CPU
		{A6FD8B68-6023-4D77-A45C-21FE2501DD98}.Debug|Any CPU.ActiveCfg = Debug|Any CPU
		{A6FD8B68-6023-4D77-A45C-21FE2501DD98}.Debug|Any CPU.Build.0 = Debug|Any CPU
		{A6FD8B68-6023-4D77-A45C-21FE2501DD98}.Release|Any CPU.ActiveCfg = Release|Any CPU
		{A6FD8B68-6023-4D77-A45C-21FE2501DD98}.Release|Any CPU.Build.0 = Release|Any CPU
		{67368F3F-C5C6-462D-A180-F6B5759E7282}.Debug|Any CPU.ActiveCfg = Debug|Any CPU
		{67368F3F-C5C6-462D-A180-F6B5759E7282}.Debug|Any CPU.Build.0 = Debug|Any CPU
		{67368F3F-C5C6-462D-A180-F6B5759E7282}.Release|Any CPU.ActiveCfg = Release|Any CPU
		{67368F3F-C5C6-462D-A180-F6B5759E7282}.Release|Any CPU.Build.0 = Release|Any CPU
		{DDFEF0DB-A673-423D-A0C8-C822697B3A95}.Debug|Any CPU.ActiveCfg = Debug|Any CPU
		{DDFEF0DB-A673-423D-A0C8-C822697B3A95}.Debug|Any CPU.Build.0 = Debug|Any CPU
		{DDFEF0DB-A673-423D-A0C8-C822697B3A95}.Release|Any CPU.ActiveCfg = Release|Any CPU
		{DDFEF0DB-A673-423D-A0C8-C822697B3A95}.Release|Any CPU.Build.0 = Release|Any CPU
		{FC5673AB-0A4C-430D-83C4-2EF81A4AD934}.Debug|Any CPU.ActiveCfg = Debug|Any CPU
		{FC5673AB-0A4C-430D-83C4-2EF81A4AD934}.Debug|Any CPU.Build.0 = Debug|Any CPU
		{FC5673AB-0A4C-430D-83C4-2EF81A4AD934}.Release|Any CPU.ActiveCfg = Release|Any CPU
		{FC5673AB-0A4C-430D-83C4-2EF81A4AD934}.Release|Any CPU.Build.0 = Release|Any CPU
		{161B4E14-37E6-41C3-B956-841EC6E5AEFD}.Debug|Any CPU.ActiveCfg = Debug|Any CPU
		{161B4E14-37E6-41C3-B956-841EC6E5AEFD}.Debug|Any CPU.Build.0 = Debug|Any CPU
		{161B4E14-37E6-41C3-B956-841EC6E5AEFD}.Release|Any CPU.ActiveCfg = Release|Any CPU
		{161B4E14-37E6-41C3-B956-841EC6E5AEFD}.Release|Any CPU.Build.0 = Release|Any CPU
		{9F04DA29-369F-4988-B661-FC7C4EC49E35}.Debug|Any CPU.ActiveCfg = Debug|Any CPU
		{9F04DA29-369F-4988-B661-FC7C4EC49E35}.Debug|Any CPU.Build.0 = Debug|Any CPU
		{9F04DA29-369F-4988-B661-FC7C4EC49E35}.Release|Any CPU.ActiveCfg = Release|Any CPU
		{9F04DA29-369F-4988-B661-FC7C4EC49E35}.Release|Any CPU.Build.0 = Release|Any CPU
		{E45632CB-DAD1-4A7E-AF01-9C2E4DBFFB98}.Debug|Any CPU.ActiveCfg = Debug|Any CPU
		{E45632CB-DAD1-4A7E-AF01-9C2E4DBFFB98}.Debug|Any CPU.Build.0 = Debug|Any CPU
		{E45632CB-DAD1-4A7E-AF01-9C2E4DBFFB98}.Release|Any CPU.ActiveCfg = Release|Any CPU
		{E45632CB-DAD1-4A7E-AF01-9C2E4DBFFB98}.Release|Any CPU.Build.0 = Release|Any CPU
		{37C2B56F-6AB1-4889-A2B6-AF6E7033B4E5}.Debug|Any CPU.ActiveCfg = Debug|Any CPU
		{37C2B56F-6AB1-4889-A2B6-AF6E7033B4E5}.Debug|Any CPU.Build.0 = Debug|Any CPU
		{37C2B56F-6AB1-4889-A2B6-AF6E7033B4E5}.Release|Any CPU.ActiveCfg = Release|Any CPU
		{37C2B56F-6AB1-4889-A2B6-AF6E7033B4E5}.Release|Any CPU.Build.0 = Release|Any CPU
		{211D180B-78C2-4F9B-B7B0-E001698713AB}.Debug|Any CPU.ActiveCfg = Debug|Any CPU
		{211D180B-78C2-4F9B-B7B0-E001698713AB}.Debug|Any CPU.Build.0 = Debug|Any CPU
		{211D180B-78C2-4F9B-B7B0-E001698713AB}.Release|Any CPU.ActiveCfg = Release|Any CPU
		{211D180B-78C2-4F9B-B7B0-E001698713AB}.Release|Any CPU.Build.0 = Release|Any CPU
		{1CF3B31A-8FFA-482B-83C8-CFF83188E2E7}.Debug|Any CPU.ActiveCfg = Debug|Any CPU
		{1CF3B31A-8FFA-482B-83C8-CFF83188E2E7}.Debug|Any CPU.Build.0 = Debug|Any CPU
		{1CF3B31A-8FFA-482B-83C8-CFF83188E2E7}.Release|Any CPU.ActiveCfg = Release|Any CPU
		{1CF3B31A-8FFA-482B-83C8-CFF83188E2E7}.Release|Any CPU.Build.0 = Release|Any CPU
		{228643A5-9ECE-46FD-9CBD-9EEB4CE973E4}.Debug|Any CPU.ActiveCfg = Debug|Any CPU
		{228643A5-9ECE-46FD-9CBD-9EEB4CE973E4}.Debug|Any CPU.Build.0 = Debug|Any CPU
		{228643A5-9ECE-46FD-9CBD-9EEB4CE973E4}.Release|Any CPU.ActiveCfg = Release|Any CPU
		{228643A5-9ECE-46FD-9CBD-9EEB4CE973E4}.Release|Any CPU.Build.0 = Release|Any CPU
		{0FC12FF5-38EF-4CB3-84BC-53D7FCB8179D}.Debug|Any CPU.ActiveCfg = Debug|Any CPU
		{0FC12FF5-38EF-4CB3-84BC-53D7FCB8179D}.Debug|Any CPU.Build.0 = Debug|Any CPU
		{0FC12FF5-38EF-4CB3-84BC-53D7FCB8179D}.Release|Any CPU.ActiveCfg = Release|Any CPU
		{0FC12FF5-38EF-4CB3-84BC-53D7FCB8179D}.Release|Any CPU.Build.0 = Release|Any CPU
		{FFAB956A-C926-42DB-A463-6DC62799436C}.Debug|Any CPU.ActiveCfg = Debug|Any CPU
		{FFAB956A-C926-42DB-A463-6DC62799436C}.Debug|Any CPU.Build.0 = Debug|Any CPU
		{FFAB956A-C926-42DB-A463-6DC62799436C}.Release|Any CPU.ActiveCfg = Release|Any CPU
		{FFAB956A-C926-42DB-A463-6DC62799436C}.Release|Any CPU.Build.0 = Release|Any CPU
		{3CCF7EA3-88A5-4918-AC31-BB3DC3C4A393}.Debug|Any CPU.ActiveCfg = Debug|Any CPU
		{3CCF7EA3-88A5-4918-AC31-BB3DC3C4A393}.Debug|Any CPU.Build.0 = Debug|Any CPU
		{3CCF7EA3-88A5-4918-AC31-BB3DC3C4A393}.Release|Any CPU.ActiveCfg = Release|Any CPU
		{3CCF7EA3-88A5-4918-AC31-BB3DC3C4A393}.Release|Any CPU.Build.0 = Release|Any CPU
		{2DDB247E-D545-4245-95AA-BB57333743B9}.Debug|Any CPU.ActiveCfg = Debug|Any CPU
		{2DDB247E-D545-4245-95AA-BB57333743B9}.Debug|Any CPU.Build.0 = Debug|Any CPU
		{2DDB247E-D545-4245-95AA-BB57333743B9}.Release|Any CPU.ActiveCfg = Release|Any CPU
		{2DDB247E-D545-4245-95AA-BB57333743B9}.Release|Any CPU.Build.0 = Release|Any CPU
		{301510A2-AAB8-48D2-AE76-1E53A862065B}.Debug|Any CPU.ActiveCfg = Debug|Any CPU
		{301510A2-AAB8-48D2-AE76-1E53A862065B}.Debug|Any CPU.Build.0 = Debug|Any CPU
		{301510A2-AAB8-48D2-AE76-1E53A862065B}.Release|Any CPU.ActiveCfg = Release|Any CPU
		{301510A2-AAB8-48D2-AE76-1E53A862065B}.Release|Any CPU.Build.0 = Release|Any CPU
		{D78C311C-9B80-4AF4-9117-57A14B12B438}.Debug|Any CPU.ActiveCfg = Debug|Any CPU
		{D78C311C-9B80-4AF4-9117-57A14B12B438}.Debug|Any CPU.Build.0 = Debug|Any CPU
		{D78C311C-9B80-4AF4-9117-57A14B12B438}.Release|Any CPU.ActiveCfg = Release|Any CPU
		{D78C311C-9B80-4AF4-9117-57A14B12B438}.Release|Any CPU.Build.0 = Release|Any CPU
		{B6B577CC-F41A-4CCC-BB8A-B88730847832}.Debug|Any CPU.ActiveCfg = Debug|Any CPU
		{B6B577CC-F41A-4CCC-BB8A-B88730847832}.Debug|Any CPU.Build.0 = Debug|Any CPU
		{B6B577CC-F41A-4CCC-BB8A-B88730847832}.Release|Any CPU.ActiveCfg = Release|Any CPU
		{B6B577CC-F41A-4CCC-BB8A-B88730847832}.Release|Any CPU.Build.0 = Release|Any CPU
		{F53EE56E-3823-41BC-B24A-3862A4126C2D}.Debug|Any CPU.ActiveCfg = Debug|Any CPU
		{F53EE56E-3823-41BC-B24A-3862A4126C2D}.Debug|Any CPU.Build.0 = Debug|Any CPU
		{F53EE56E-3823-41BC-B24A-3862A4126C2D}.Release|Any CPU.ActiveCfg = Release|Any CPU
		{F53EE56E-3823-41BC-B24A-3862A4126C2D}.Release|Any CPU.Build.0 = Release|Any CPU
		{C5C56258-0600-4CD0-99E7-C00CD5C68B2E}.Debug|Any CPU.ActiveCfg = Debug|Any CPU
		{C5C56258-0600-4CD0-99E7-C00CD5C68B2E}.Debug|Any CPU.Build.0 = Debug|Any CPU
		{C5C56258-0600-4CD0-99E7-C00CD5C68B2E}.Release|Any CPU.ActiveCfg = Release|Any CPU
		{C5C56258-0600-4CD0-99E7-C00CD5C68B2E}.Release|Any CPU.Build.0 = Release|Any CPU
		{5854841C-6C4A-4C3E-8B9A-C4D394028AA5}.Debug|Any CPU.ActiveCfg = Debug|Any CPU
		{5854841C-6C4A-4C3E-8B9A-C4D394028AA5}.Debug|Any CPU.Build.0 = Debug|Any CPU
		{5854841C-6C4A-4C3E-8B9A-C4D394028AA5}.Release|Any CPU.ActiveCfg = Release|Any CPU
		{5854841C-6C4A-4C3E-8B9A-C4D394028AA5}.Release|Any CPU.Build.0 = Release|Any CPU
		{99B01AD6-E6EE-49C1-80B2-2B4FE37CF4D4}.Debug|Any CPU.ActiveCfg = Debug|Any CPU
		{99B01AD6-E6EE-49C1-80B2-2B4FE37CF4D4}.Debug|Any CPU.Build.0 = Debug|Any CPU
		{99B01AD6-E6EE-49C1-80B2-2B4FE37CF4D4}.Release|Any CPU.ActiveCfg = Release|Any CPU
		{99B01AD6-E6EE-49C1-80B2-2B4FE37CF4D4}.Release|Any CPU.Build.0 = Release|Any CPU
		{7D046176-4FFD-4ED1-8BA4-C354C0AD5075}.Debug|Any CPU.ActiveCfg = Debug|Any CPU
		{7D046176-4FFD-4ED1-8BA4-C354C0AD5075}.Debug|Any CPU.Build.0 = Debug|Any CPU
		{7D046176-4FFD-4ED1-8BA4-C354C0AD5075}.Release|Any CPU.ActiveCfg = Release|Any CPU
		{7D046176-4FFD-4ED1-8BA4-C354C0AD5075}.Release|Any CPU.Build.0 = Release|Any CPU
		{5652AF6B-142B-40D2-80DF-4F95EF7CB746}.Debug|Any CPU.ActiveCfg = Debug|Any CPU
		{5652AF6B-142B-40D2-80DF-4F95EF7CB746}.Debug|Any CPU.Build.0 = Debug|Any CPU
		{5652AF6B-142B-40D2-80DF-4F95EF7CB746}.Release|Any CPU.ActiveCfg = Release|Any CPU
		{5652AF6B-142B-40D2-80DF-4F95EF7CB746}.Release|Any CPU.Build.0 = Release|Any CPU
		{D5E1E49E-8673-4EE4-8BF7-E534C7AB8A5B}.Debug|Any CPU.ActiveCfg = Debug|Any CPU
		{D5E1E49E-8673-4EE4-8BF7-E534C7AB8A5B}.Debug|Any CPU.Build.0 = Debug|Any CPU
		{D5E1E49E-8673-4EE4-8BF7-E534C7AB8A5B}.Release|Any CPU.ActiveCfg = Release|Any CPU
		{D5E1E49E-8673-4EE4-8BF7-E534C7AB8A5B}.Release|Any CPU.Build.0 = Release|Any CPU
		{C81CC023-9BA5-43D8-8F0D-04417ED9C27C}.Debug|Any CPU.ActiveCfg = Debug|Any CPU
		{C81CC023-9BA5-43D8-8F0D-04417ED9C27C}.Debug|Any CPU.Build.0 = Debug|Any CPU
		{C81CC023-9BA5-43D8-8F0D-04417ED9C27C}.Release|Any CPU.ActiveCfg = Release|Any CPU
		{C81CC023-9BA5-43D8-8F0D-04417ED9C27C}.Release|Any CPU.Build.0 = Release|Any CPU
		{F84093DD-10D8-423F-8E75-0D6EBF3F2A9E}.Debug|Any CPU.ActiveCfg = Debug|Any CPU
		{F84093DD-10D8-423F-8E75-0D6EBF3F2A9E}.Debug|Any CPU.Build.0 = Debug|Any CPU
		{F84093DD-10D8-423F-8E75-0D6EBF3F2A9E}.Release|Any CPU.ActiveCfg = Release|Any CPU
		{F84093DD-10D8-423F-8E75-0D6EBF3F2A9E}.Release|Any CPU.Build.0 = Release|Any CPU
		{E72A5D01-0B65-4A81-B9DA-E79857CFAA02}.Debug|Any CPU.ActiveCfg = Debug|Any CPU
		{E72A5D01-0B65-4A81-B9DA-E79857CFAA02}.Debug|Any CPU.Build.0 = Debug|Any CPU
		{E72A5D01-0B65-4A81-B9DA-E79857CFAA02}.Release|Any CPU.ActiveCfg = Release|Any CPU
		{E72A5D01-0B65-4A81-B9DA-E79857CFAA02}.Release|Any CPU.Build.0 = Release|Any CPU
		{21735AED-01C6-474B-BD7E-01B9581E5F25}.Debug|Any CPU.ActiveCfg = Debug|Any CPU
		{21735AED-01C6-474B-BD7E-01B9581E5F25}.Debug|Any CPU.Build.0 = Debug|Any CPU
		{21735AED-01C6-474B-BD7E-01B9581E5F25}.Release|Any CPU.ActiveCfg = Release|Any CPU
		{21735AED-01C6-474B-BD7E-01B9581E5F25}.Release|Any CPU.Build.0 = Release|Any CPU
		{7AB81B25-7580-4FDB-98B3-407E7A59BAFF}.Debug|Any CPU.ActiveCfg = Debug|Any CPU
		{7AB81B25-7580-4FDB-98B3-407E7A59BAFF}.Debug|Any CPU.Build.0 = Debug|Any CPU
		{7AB81B25-7580-4FDB-98B3-407E7A59BAFF}.Release|Any CPU.ActiveCfg = Release|Any CPU
		{7AB81B25-7580-4FDB-98B3-407E7A59BAFF}.Release|Any CPU.Build.0 = Release|Any CPU
		{45270E4D-0235-49DE-8492-1350C0F4CE91}.Debug|Any CPU.ActiveCfg = Debug|Any CPU
		{45270E4D-0235-49DE-8492-1350C0F4CE91}.Debug|Any CPU.Build.0 = Debug|Any CPU
		{45270E4D-0235-49DE-8492-1350C0F4CE91}.Release|Any CPU.ActiveCfg = Release|Any CPU
		{45270E4D-0235-49DE-8492-1350C0F4CE91}.Release|Any CPU.Build.0 = Release|Any CPU
		{2F68BF87-EF5D-4338-8CE0-D3837A941715}.Debug|Any CPU.ActiveCfg = Debug|Any CPU
		{2F68BF87-EF5D-4338-8CE0-D3837A941715}.Debug|Any CPU.Build.0 = Debug|Any CPU
		{2F68BF87-EF5D-4338-8CE0-D3837A941715}.Release|Any CPU.ActiveCfg = Release|Any CPU
		{2F68BF87-EF5D-4338-8CE0-D3837A941715}.Release|Any CPU.Build.0 = Release|Any CPU
		{5EF4B878-2B77-437C-8D8B-F576497DBF31}.Debug|Any CPU.ActiveCfg = Debug|Any CPU
		{5EF4B878-2B77-437C-8D8B-F576497DBF31}.Debug|Any CPU.Build.0 = Debug|Any CPU
		{5EF4B878-2B77-437C-8D8B-F576497DBF31}.Release|Any CPU.ActiveCfg = Release|Any CPU
		{5EF4B878-2B77-437C-8D8B-F576497DBF31}.Release|Any CPU.Build.0 = Release|Any CPU
		{18E1FB77-A0B4-4108-A63A-400073626C5D}.Debug|Any CPU.ActiveCfg = Debug|Any CPU
		{18E1FB77-A0B4-4108-A63A-400073626C5D}.Debug|Any CPU.Build.0 = Debug|Any CPU
		{18E1FB77-A0B4-4108-A63A-400073626C5D}.Release|Any CPU.ActiveCfg = Release|Any CPU
		{18E1FB77-A0B4-4108-A63A-400073626C5D}.Release|Any CPU.Build.0 = Release|Any CPU
		{7727E38D-8076-41B8-8DE1-442AD75C4329}.Debug|Any CPU.ActiveCfg = Debug|Any CPU
		{7727E38D-8076-41B8-8DE1-442AD75C4329}.Debug|Any CPU.Build.0 = Debug|Any CPU
		{7727E38D-8076-41B8-8DE1-442AD75C4329}.Release|Any CPU.ActiveCfg = Release|Any CPU
		{7727E38D-8076-41B8-8DE1-442AD75C4329}.Release|Any CPU.Build.0 = Release|Any CPU
		{3EA1AF48-EEAD-40AC-862E-51E94535ACBD}.Debug|Any CPU.ActiveCfg = Debug|Any CPU
		{3EA1AF48-EEAD-40AC-862E-51E94535ACBD}.Debug|Any CPU.Build.0 = Debug|Any CPU
		{3EA1AF48-EEAD-40AC-862E-51E94535ACBD}.Release|Any CPU.ActiveCfg = Release|Any CPU
		{3EA1AF48-EEAD-40AC-862E-51E94535ACBD}.Release|Any CPU.Build.0 = Release|Any CPU
		{7B208F19-41B1-4BB5-9AB9-1FD34901AEC2}.Debug|Any CPU.ActiveCfg = Debug|Any CPU
		{7B208F19-41B1-4BB5-9AB9-1FD34901AEC2}.Debug|Any CPU.Build.0 = Debug|Any CPU
		{7B208F19-41B1-4BB5-9AB9-1FD34901AEC2}.Release|Any CPU.ActiveCfg = Release|Any CPU
		{7B208F19-41B1-4BB5-9AB9-1FD34901AEC2}.Release|Any CPU.Build.0 = Release|Any CPU
		{D5A09C62-3FBE-49A6-A51D-0AF4CDC81916}.Debug|Any CPU.ActiveCfg = Debug|Any CPU
		{D5A09C62-3FBE-49A6-A51D-0AF4CDC81916}.Debug|Any CPU.Build.0 = Debug|Any CPU
		{D5A09C62-3FBE-49A6-A51D-0AF4CDC81916}.Release|Any CPU.ActiveCfg = Release|Any CPU
		{D5A09C62-3FBE-49A6-A51D-0AF4CDC81916}.Release|Any CPU.Build.0 = Release|Any CPU
		{D5D2962A-5BB6-4AC8-BB2B-FA21BB3FEBD1}.Debug|Any CPU.ActiveCfg = Debug|Any CPU
		{D5D2962A-5BB6-4AC8-BB2B-FA21BB3FEBD1}.Debug|Any CPU.Build.0 = Debug|Any CPU
		{D5D2962A-5BB6-4AC8-BB2B-FA21BB3FEBD1}.Release|Any CPU.ActiveCfg = Release|Any CPU
		{D5D2962A-5BB6-4AC8-BB2B-FA21BB3FEBD1}.Release|Any CPU.Build.0 = Release|Any CPU
		{B3A114B7-FB84-41FB-B6FF-EE84B4F29D4F}.Debug|Any CPU.ActiveCfg = Debug|Any CPU
		{B3A114B7-FB84-41FB-B6FF-EE84B4F29D4F}.Debug|Any CPU.Build.0 = Debug|Any CPU
		{B3A114B7-FB84-41FB-B6FF-EE84B4F29D4F}.Release|Any CPU.ActiveCfg = Release|Any CPU
		{B3A114B7-FB84-41FB-B6FF-EE84B4F29D4F}.Release|Any CPU.Build.0 = Release|Any CPU
		{F558AFDA-E35E-460D-9A7F-C61BD5414FAC}.Debug|Any CPU.ActiveCfg = Debug|Any CPU
		{F558AFDA-E35E-460D-9A7F-C61BD5414FAC}.Debug|Any CPU.Build.0 = Debug|Any CPU
		{F558AFDA-E35E-460D-9A7F-C61BD5414FAC}.Release|Any CPU.ActiveCfg = Release|Any CPU
		{F558AFDA-E35E-460D-9A7F-C61BD5414FAC}.Release|Any CPU.Build.0 = Release|Any CPU
		{98160FD3-37AB-42F8-BF62-12E5A4CD42A3}.Debug|Any CPU.ActiveCfg = Debug|Any CPU
		{98160FD3-37AB-42F8-BF62-12E5A4CD42A3}.Debug|Any CPU.Build.0 = Debug|Any CPU
		{98160FD3-37AB-42F8-BF62-12E5A4CD42A3}.Release|Any CPU.ActiveCfg = Release|Any CPU
		{98160FD3-37AB-42F8-BF62-12E5A4CD42A3}.Release|Any CPU.Build.0 = Release|Any CPU
		{A5B8432A-4157-4A7C-A395-DE640E9D446E}.Debug|Any CPU.ActiveCfg = Debug|Any CPU
		{A5B8432A-4157-4A7C-A395-DE640E9D446E}.Debug|Any CPU.Build.0 = Debug|Any CPU
		{A5B8432A-4157-4A7C-A395-DE640E9D446E}.Release|Any CPU.ActiveCfg = Release|Any CPU
		{A5B8432A-4157-4A7C-A395-DE640E9D446E}.Release|Any CPU.Build.0 = Release|Any CPU
		{86571BA6-FC50-41E4-92AF-C65EBB1F55C7}.Debug|Any CPU.ActiveCfg = Debug|Any CPU
		{86571BA6-FC50-41E4-92AF-C65EBB1F55C7}.Debug|Any CPU.Build.0 = Debug|Any CPU
		{86571BA6-FC50-41E4-92AF-C65EBB1F55C7}.Release|Any CPU.ActiveCfg = Release|Any CPU
		{86571BA6-FC50-41E4-92AF-C65EBB1F55C7}.Release|Any CPU.Build.0 = Release|Any CPU
		{8808BFE6-348C-486D-BA30-16C23087475C}.Debug|Any CPU.ActiveCfg = Debug|Any CPU
		{8808BFE6-348C-486D-BA30-16C23087475C}.Debug|Any CPU.Build.0 = Debug|Any CPU
		{8808BFE6-348C-486D-BA30-16C23087475C}.Release|Any CPU.ActiveCfg = Release|Any CPU
		{8808BFE6-348C-486D-BA30-16C23087475C}.Release|Any CPU.Build.0 = Release|Any CPU
		{8D5D555D-7109-4468-88E7-B61ABD431286}.Debug|Any CPU.ActiveCfg = Debug|Any CPU
		{8D5D555D-7109-4468-88E7-B61ABD431286}.Debug|Any CPU.Build.0 = Debug|Any CPU
		{8D5D555D-7109-4468-88E7-B61ABD431286}.Release|Any CPU.ActiveCfg = Release|Any CPU
		{8D5D555D-7109-4468-88E7-B61ABD431286}.Release|Any CPU.Build.0 = Release|Any CPU
		{D767365F-1B27-4574-AD69-8D09D5700ACD}.Debug|Any CPU.ActiveCfg = Debug|Any CPU
		{D767365F-1B27-4574-AD69-8D09D5700ACD}.Debug|Any CPU.Build.0 = Debug|Any CPU
		{D767365F-1B27-4574-AD69-8D09D5700ACD}.Release|Any CPU.ActiveCfg = Release|Any CPU
		{D767365F-1B27-4574-AD69-8D09D5700ACD}.Release|Any CPU.Build.0 = Release|Any CPU
		{B0385738-0A33-4CB2-9A10-236A200A36A2}.Debug|Any CPU.ActiveCfg = Debug|Any CPU
		{B0385738-0A33-4CB2-9A10-236A200A36A2}.Debug|Any CPU.Build.0 = Debug|Any CPU
		{B0385738-0A33-4CB2-9A10-236A200A36A2}.Release|Any CPU.ActiveCfg = Release|Any CPU
		{B0385738-0A33-4CB2-9A10-236A200A36A2}.Release|Any CPU.Build.0 = Release|Any CPU
		{7D06FC46-24DE-4D51-8D7B-2D1CA21B1A43}.Debug|Any CPU.ActiveCfg = Debug|Any CPU
		{7D06FC46-24DE-4D51-8D7B-2D1CA21B1A43}.Debug|Any CPU.Build.0 = Debug|Any CPU
		{7D06FC46-24DE-4D51-8D7B-2D1CA21B1A43}.Release|Any CPU.ActiveCfg = Release|Any CPU
		{7D06FC46-24DE-4D51-8D7B-2D1CA21B1A43}.Release|Any CPU.Build.0 = Release|Any CPU
		{223B1902-B5A4-4B65-945C-239A11A77044}.Debug|Any CPU.ActiveCfg = Debug|Any CPU
		{223B1902-B5A4-4B65-945C-239A11A77044}.Debug|Any CPU.Build.0 = Debug|Any CPU
		{223B1902-B5A4-4B65-945C-239A11A77044}.Release|Any CPU.ActiveCfg = Release|Any CPU
		{223B1902-B5A4-4B65-945C-239A11A77044}.Release|Any CPU.Build.0 = Release|Any CPU
	EndGlobalSection
	GlobalSection(SolutionProperties) = preSolution
		HideSolutionNode = FALSE
	EndGlobalSection
	GlobalSection(ExtensibilityGlobals) = postSolution
		SolutionGuid = {B8630D8B-B86E-472A-B181-DB1DE96B7477}
	EndGlobalSection
EndGlobal
